{"format_version":"1.2","terraform_version":"1.12.2","variables":{"aws_region":{"value":"eu-west-1"},"cluster_name":{"value":"my-k8s-cluster"},"desired_capacity":{"value":7},"k8s_namespace":{"value":"default"},"master_instance_type":{"value":"t3.medium"},"max_worker_cpu_count":{"value":14},"min_worker_cpu_count":{"value":7},"ssh_user":{"value":"ubuntu"},"worker_instance_type":{"value":"t3.medium"}},"planned_values":{"outputs":{"backend_repo_url":{"sensitive":false},"database_repo_url":{"sensitive":false},"kubeconfig_file":{"sensitive":false,"type":"string","value":"./kubeconfig-master.conf"},"kubeconfig_instructions":{"sensitive":false,"type":"string","value":"To connect to your cluster, run: export KUBECONFIG=../kubeconfig-master.conf"},"master_public_ip":{"sensitive":false},"nfs_namespace":{"sensitive":false,"type":"string","value":"/srv/nfs/shared"},"nfs_private_ip":{"sensitive":false},"nfs_public_ip":{"sensitive":false},"nginx_repo_url":{"sensitive":false},"private_key_path":{"sensitive":false,"type":"string","value":"././my-k8s-cluster-ssh-key.pem"},"region":{"sensitive":false,"type":"string","value":"eu-west-1"},"ssh_user":{"sensitive":false,"type":"string","value":"ubuntu"}},"root_module":{"resources":[{"address":"aws_iam_instance_profile.k8s_instance_profile","mode":"managed","type":"aws_iam_instance_profile","name":"k8s_instance_profile","provider_name":"registry.terraform.io/hashicorp/aws","schema_version":0,"values":{"name":"my-k8s-cluster-Instance-Profile","path":"/","role":"my-k8s-cluster-EC2-K8s-Role","tags":null},"sensitive_values":{"tags_all":{}}},{"address":"aws_iam_policy.ecr_access_policy","mode":"managed","type":"aws_iam_policy","name":"ecr_access_policy","provider_name":"registry.terraform.io/hashicorp/aws","schema_version":0,"values":{"description":"Combined policy for ECR, VPC CNI, and AWS Load Balancer Controller","name":"my-k8s-cluster-Combined-ECR-CNI-ALB-Policy","path":"/","policy":"{\"Statement\":[{\"Action\":[\"ecr:GetAuthorizationToken\",\"ecr:BatchCheckLayerAvailability\",\"ecr:GetDownloadUrlForLayer\",\"ecr:BatchGetImage\",\"ecr:ListImages\",\"ecr:PutImage\",\"ecr:InitiateLayerUpload\",\"ecr:UploadLayerPart\",\"ecr:CompleteLayerUpload\"],\"Effect\":\"Allow\",\"Resource\":\"*\"},{\"Action\":[\"ec2:AssignPrivateIpAddresses\",\"ec2:AttachNetworkInterface\",\"ec2:CreateNetworkInterface\",\"ec2:DeleteNetworkInterface\",\"ec2:DescribeInstances\",\"ec2:DescribeTags\",\"ec2:DescribeNetworkInterfaces\",\"ec2:DescribeInstanceTypes\",\"ec2:DescribeSubnets\",\"ec2:DetachNetworkInterface\",\"ec2:ModifyNetworkInterfaceAttribute\",\"ec2:UnassignPrivateIpAddresses\"],\"Effect\":\"Allow\",\"Resource\":\"*\"},{\"Action\":[\"ec2:CreateTags\"],\"Effect\":\"Allow\",\"Resource\":[\"arn:aws:ec2:*:*:network-interface/*\"]},{\"Action\":[\"iam:CreateServiceLinkedRole\"],\"Condition\":{\"StringEquals\":{\"iam:AWSServiceName\":\"elasticloadbalancing.amazonaws.com\"}},\"Effect\":\"Allow\",\"Resource\":\"*\"},{\"Action\":[\"ec2:DescribeAccountAttributes\",\"ec2:DescribeAddresses\",\"ec2:DescribeAvailabilityZones\",\"ec2:DescribeInternetGateways\",\"ec2:DescribeVpcs\",\"ec2:DescribeSubnets\",\"ec2:DescribeSecurityGroups\",\"ec2:DescribeInstances\",\"ec2:DescribeNetworkInterfaces\",\"ec2:DescribeTags\",\"ec2:GetCoipPoolUsage\",\"ec2:DescribeCoipPools\",\"elasticloadbalancing:Describe*\"],\"Effect\":\"Allow\",\"Resource\":\"*\"},{\"Action\":[\"cognito-idp:DescribeUserPoolClient\",\"acm:ListCertificates\",\"acm:DescribeCertificate\",\"iam:ListServerCertificates\",\"iam:GetServerCertificate\",\"waf-regional:*\",\"wafv2:*\",\"shield:*\"],\"Effect\":\"Allow\",\"Resource\":\"*\"},{\"Action\":[\"ec2:AuthorizeSecurityGroupIngress\",\"ec2:RevokeSecurityGroupIngress\",\"ec2:CreateSecurityGroup\"],\"Effect\":\"Allow\",\"Resource\":\"*\"},{\"Action\":[\"ec2:CreateTags\"],\"Condition\":{\"Null\":{\"aws:RequestTag/elbv2.k8s.aws/cluster\":\"false\"},\"StringEquals\":{\"ec2:CreateAction\":\"CreateSecurityGroup\"}},\"Effect\":\"Allow\",\"Resource\":\"arn:aws:ec2:*:*:security-group/*\"},{\"Action\":[\"ec2:CreateTags\",\"ec2:DeleteTags\"],\"Condition\":{\"Null\":{\"aws:RequestTag/elbv2.k8s.aws/cluster\":\"true\",\"aws:ResourceTag/elbv2.k8s.aws/cluster\":\"false\"}},\"Effect\":\"Allow\",\"Resource\":\"arn:aws:ec2:*:*:security-group/*\"},{\"Action\":[\"ec2:AuthorizeSecurityGroupIngress\",\"ec2:RevokeSecurityGroupIngress\",\"ec2:DeleteSecurityGroup\"],\"Condition\":{\"Null\":{\"aws:ResourceTag/elbv2.k8s.aws/cluster\":\"false\"}},\"Effect\":\"Allow\",\"Resource\":\"*\"},{\"Action\":[\"elasticloadbalancing:CreateLoadBalancer\",\"elasticloadbalancing:CreateTargetGroup\"],\"Condition\":{\"Null\":{\"aws:RequestTag/elbv2.k8s.aws/cluster\":\"false\"}},\"Effect\":\"Allow\",\"Resource\":\"*\"},{\"Action\":[\"elasticloadbalancing:CreateListener\",\"elasticloadbalancing:DeleteListener\",\"elasticloadbalancing:CreateRule\",\"elasticloadbalancing:DeleteRule\"],\"Effect\":\"Allow\",\"Resource\":\"*\"},{\"Action\":[\"elasticloadbalancing:AddTags\",\"elasticloadbalancing:RemoveTags\"],\"Condition\":{\"Null\":{\"aws:RequestTag/elbv2.k8s.aws/cluster\":\"true\",\"aws:ResourceTag/elbv2.k8s.aws/cluster\":\"false\"}},\"Effect\":\"Allow\",\"Resource\":[\"arn:aws:elasticloadbalancing:*:*:targetgroup/*/*\",\"arn:aws:elasticloadbalancing:*:*:loadbalancer/net/*/*\",\"arn:aws:elasticloadbalancing:*:*:loadbalancer/app/*/*\",\"arn:aws:elasticloadbalancing:*:*:listener/app/*/*\",\"arn:aws:elasticloadbalancing:*:*:listener/net/*/*\"]},{\"Action\":[\"elasticloadbalancing:AddTags\"],\"Effect\":\"Allow\",\"Resource\":\"*\"},{\"Action\":[\"elasticloadbalancing:ModifyLoadBalancerAttributes\",\"elasticloadbalancing:SetIpAddressType\",\"elasticloadbalancing:SetSecurityGroups\",\"elasticloadbalancing:SetSubnets\",\"elasticloadbalancing:DeleteLoadBalancer\",\"elasticloadbalancing:ModifyTargetGroup\",\"elasticloadbalancing:ModifyTargetGroupAttributes\",\"elasticloadbalancing:DeleteTargetGroup\"],\"Condition\":{\"Null\":{\"aws:ResourceTag/elbv2.k8s.aws/cluster\":\"false\"}},\"Effect\":\"Allow\",\"Resource\":\"*\"},{\"Action\":[\"elasticloadbalancing:RegisterTargets\",\"elasticloadbalancing:DeregisterTargets\"],\"Effect\":\"Allow\",\"Resource\":\"arn:aws:elasticloadbalancing:*:*:targetgroup/*/*\"},{\"Action\":[\"elasticloadbalancing:SetWebAcl\",\"elasticloadbalancing:ModifyListener\",\"elasticloadbalancing:AddListenerCertificates\",\"elasticloadbalancing:RemoveListenerCertificates\",\"elasticloadbalancing:ModifyRule\"],\"Effect\":\"Allow\",\"Resource\":\"*\"}],\"Version\":\"2012-10-17\"}","tags":null},"sensitive_values":{"tags_all":{}}},{"address":"aws_iam_role.ec2_k8s_role","mode":"managed","type":"aws_iam_role","name":"ec2_k8s_role","provider_name":"registry.terraform.io/hashicorp/aws","schema_version":0,"values":{"assume_role_policy":"{\"Statement\":[{\"Action\":\"sts:AssumeRole\",\"Effect\":\"Allow\",\"Principal\":{\"Service\":\"ec2.amazonaws.com\"}}],\"Version\":\"2012-10-17\"}","description":null,"force_detach_policies":false,"max_session_duration":3600,"name":"my-k8s-cluster-EC2-K8s-Role","path":"/","permissions_boundary":null,"tags":null},"sensitive_values":{"inline_policy":[],"managed_policy_arns":[],"tags_all":{}}},{"address":"aws_iam_role_policy_attachment.ecr_policy_attachment","mode":"managed","type":"aws_iam_role_policy_attachment","name":"ecr_policy_attachment","provider_name":"registry.terraform.io/hashicorp/aws","schema_version":0,"values":{"role":"my-k8s-cluster-EC2-K8s-Role"},"sensitive_values":{}},{"address":"aws_key_pair.generated_key","mode":"managed","type":"aws_key_pair","name":"generated_key","provider_name":"registry.terraform.io/hashicorp/aws","schema_version":1,"values":{"key_name":"my-k8s-cluster-ssh-key","tags":null},"sensitive_values":{"tags_all":{}}},{"address":"data.local_file.kubeadm_join_command_file","mode":"data","type":"local_file","name":"kubeadm_join_command_file","provider_name":"registry.terraform.io/hashicorp/local","schema_version":0,"values":{"filename":"./kubeadm_join_command"},"sensitive_values":{}},{"address":"data.local_file.kubeconfig_master_file","mode":"data","type":"local_file","name":"kubeconfig_master_file","provider_name":"registry.terraform.io/hashicorp/local","schema_version":0,"values":{"filename":"./kubeconfig-master.conf"},"sensitive_values":{}},{"address":"local_file.controlplane_group_vars","mode":"managed","type":"local_file","name":"controlplane_group_vars","provider_name":"registry.terraform.io/hashicorp/local","schema_version":0,"values":{"content_base64":null,"directory_permission":"0777","file_permission":"0777","filename":"./../ansible/group_vars/role_controlplane_first_one.yaml","sensitive_content":null,"source":null},"sensitive_values":{"sensitive_content":true}},{"address":"local_file.k8s_private_key_file","mode":"managed","type":"local_file","name":"k8s_private_key_file","provider_name":"registry.terraform.io/hashicorp/local","schema_version":0,"values":{"content_base64":null,"directory_permission":"0777","file_permission":"0777","filename":"./my-k8s-cluster-ssh-key.pem","sensitive_content":null,"source":null},"sensitive_values":{"content":true,"sensitive_content":true}},{"address":"null_resource.set_private_key_permissions","mode":"managed","type":"null_resource","name":"set_private_key_permissions","provider_name":"registry.terraform.io/hashicorp/null","schema_version":0,"values":{"triggers":null},"sensitive_values":{}},{"address":"tls_private_key.k8s_key","mode":"managed","type":"tls_private_key","name":"k8s_key","provider_name":"registry.terraform.io/hashicorp/tls","schema_version":1,"values":{"algorithm":"RSA","ecdsa_curve":"P224","rsa_bits":4096},"sensitive_values":{"private_key_openssh":true,"private_key_pem":true,"private_key_pem_pkcs8":true}}],"child_modules":[{"resources":[{"address":"module.ecr.aws_ecr_repository.backend_repo","mode":"managed","type":"aws_ecr_repository","name":"backend_repo","provider_name":"registry.terraform.io/hashicorp/aws","schema_version":0,"values":{"encryption_configuration":[],"force_delete":true,"image_scanning_configuration":[{"scan_on_push":true}],"image_tag_mutability":"MUTABLE","name":"my-k8s-cluster-backend","tags":null,"timeouts":null},"sensitive_values":{"encryption_configuration":[],"image_scanning_configuration":[{}],"tags_all":{}}},{"address":"module.ecr.aws_ecr_repository.database_repo","mode":"managed","type":"aws_ecr_repository","name":"database_repo","provider_name":"registry.terraform.io/hashicorp/aws","schema_version":0,"values":{"encryption_configuration":[],"force_delete":true,"image_scanning_configuration":[{"scan_on_push":true}],"image_tag_mutability":"MUTABLE","name":"my-k8s-cluster-database","tags":null,"timeouts":null},"sensitive_values":{"encryption_configuration":[],"image_scanning_configuration":[{}],"tags_all":{}}},{"address":"module.ecr.aws_ecr_repository.nginx_repo","mode":"managed","type":"aws_ecr_repository","name":"nginx_repo","provider_name":"registry.terraform.io/hashicorp/aws","schema_version":0,"values":{"encryption_configuration":[],"force_delete":true,"image_scanning_configuration":[{"scan_on_push":true}],"image_tag_mutability":"MUTABLE","name":"my-k8s-cluster-nginx","tags":null,"timeouts":null},"sensitive_values":{"encryption_configuration":[],"image_scanning_configuration":[{}],"tags_all":{}}}],"address":"module.ecr"},{"resources":[{"address":"module.master_node.aws_instance.master","mode":"managed","type":"aws_instance","name":"master","provider_name":"registry.terraform.io/hashicorp/aws","schema_version":1,"values":{"ami":"ami-064673ca419016c37","credit_specification":[],"get_password_data":false,"hibernation":null,"iam_instance_profile":"my-k8s-cluster-Instance-Profile","instance_type":"t3.medium","key_name":"my-k8s-cluster-ssh-key","launch_template":[],"root_block_device":[{"delete_on_termination":true,"tags":null,"volume_size":40,"volume_type":"gp2"}],"source_dest_check":true,"tags":{"Name":"my-k8s-cluster-controlplane","environment":"kubernetes","type_node":"controlplane-first-one"},"tags_all":{"Name":"my-k8s-cluster-controlplane","environment":"kubernetes","type_node":"controlplane-first-one"},"timeouts":null,"user_data_replace_on_change":true,"volume_tags":null},"sensitive_values":{"capacity_reservation_specification":[],"cpu_options":[],"credit_specification":[],"ebs_block_device":[],"enclave_options":[],"ephemeral_block_device":[],"instance_market_options":[],"ipv6_addresses":[],"launch_template":[],"maintenance_options":[],"metadata_options":[],"network_interface":[],"private_dns_name_options":[],"root_block_device":[{"tags_all":{}}],"secondary_private_ips":[],"security_groups":[],"tags":{},"tags_all":{},"vpc_security_group_ids":[]}},{"address":"module.master_node.null_resource.master_setup","mode":"managed","type":"null_resource","name":"master_setup","provider_name":"registry.terraform.io/hashicorp/null","schema_version":0,"values":{"triggers":null},"sensitive_values":{}}],"address":"module.master_node"},{"resources":[{"address":"module.server_nfs.aws_route53_record.nfs","mode":"managed","type":"aws_route53_record","name":"nfs","provider_name":"registry.terraform.io/hashicorp/aws","schema_version":2,"values":{"alias":[],"cidr_routing_policy":[],"failover_routing_policy":[],"geolocation_routing_policy":[],"geoproximity_routing_policy":[],"health_check_id":null,"latency_routing_policy":[],"multivalue_answer_routing_policy":null,"name":"nfs.internal","set_identifier":null,"timeouts":null,"ttl":300,"type":"A","weighted_routing_policy":[]},"sensitive_values":{"alias":[],"cidr_routing_policy":[],"failover_routing_policy":[],"geolocation_routing_policy":[],"geoproximity_routing_policy":[],"latency_routing_policy":[],"records":[],"weighted_routing_policy":[]}},{"address":"module.server_nfs.aws_route53_zone.internal","mode":"managed","type":"aws_route53_zone","name":"internal","provider_name":"registry.terraform.io/hashicorp/aws","schema_version":0,"values":{"comment":"Managed by Terraform","delegation_set_id":null,"force_destroy":false,"name":"internal","tags":null,"timeouts":null,"vpc":[{}]},"sensitive_values":{"name_servers":[],"tags_all":{},"vpc":[{}]}},{"address":"module.server_nfs.aws_security_group.nfs_sg","mode":"managed","type":"aws_security_group","name":"nfs_sg","provider_name":"registry.terraform.io/hashicorp/aws","schema_version":1,"values":{"description":"Managed by Terraform","egress":[{"cidr_blocks":["0.0.0.0/0"],"description":"","from_port":0,"ipv6_cidr_blocks":[],"prefix_list_ids":[],"protocol":"-1","security_groups":[],"self":false,"to_port":0}],"ingress":[{"cidr_blocks":["0.0.0.0/0"],"description":"","from_port":22,"ipv6_cidr_blocks":[],"prefix_list_ids":[],"protocol":"tcp","security_groups":[],"self":false,"to_port":22},{"cidr_blocks":["10.0.0.0/16"],"description":"","from_port":111,"ipv6_cidr_blocks":[],"prefix_list_ids":[],"protocol":"tcp","security_groups":[],"self":false,"to_port":111},{"cidr_blocks":["10.0.0.0/16"],"description":"","from_port":20048,"ipv6_cidr_blocks":[],"prefix_list_ids":[],"protocol":"tcp","security_groups":[],"self":false,"to_port":20048},{"cidr_blocks":["10.0.0.0/16"],"description":"","from_port":2049,"ipv6_cidr_blocks":[],"prefix_list_ids":[],"protocol":"tcp","security_groups":[],"self":false,"to_port":2049},{"cidr_blocks":["10.0.0.0/16"],"description":"","from_port":32765,"ipv6_cidr_blocks":[],"prefix_list_ids":[],"protocol":"tcp","security_groups":[],"self":false,"to_port":32769}],"name":"nfs-sg","revoke_rules_on_delete":false,"tags":null,"timeouts":null},"sensitive_values":{"egress":[{"cidr_blocks":[false],"ipv6_cidr_blocks":[],"prefix_list_ids":[],"security_groups":[]}],"ingress":[{"cidr_blocks":[false],"ipv6_cidr_blocks":[],"prefix_list_ids":[],"security_groups":[]},{"cidr_blocks":[false],"ipv6_cidr_blocks":[],"prefix_list_ids":[],"security_groups":[]},{"cidr_blocks":[false],"ipv6_cidr_blocks":[],"prefix_list_ids":[],"security_groups":[]},{"cidr_blocks":[false],"ipv6_cidr_blocks":[],"prefix_list_ids":[],"security_groups":[]},{"cidr_blocks":[false],"ipv6_cidr_blocks":[],"prefix_list_ids":[],"security_groups":[]}],"tags_all":{}}},{"address":"module.server_nfs.aws_spot_instance_request.cheap_worker","mode":"managed","type":"aws_spot_instance_request","name":"cheap_worker","provider_name":"registry.terraform.io/hashicorp/aws","schema_version":0,"values":{"ami":"ami-064673ca419016c37","block_duration_minutes":null,"credit_specification":[],"get_password_data":false,"hibernation":null,"instance_interruption_behavior":"stop","instance_type":"c4.xlarge","key_name":"my-k8s-cluster-ssh-key","launch_group":null,"launch_template":[],"root_block_device":[{"delete_on_termination":true,"tags":null,"volume_size":20,"volume_type":"gp2"}],"source_dest_check":true,"spot_type":"persistent","tags":{"Name":"nfs-spot-instance"},"tags_all":{"Name":"nfs-spot-instance"},"timeouts":null,"user_data":"d516cb342622f5f8812c64783046bb99e0ed6957","user_data_replace_on_change":false,"volume_tags":null,"wait_for_fulfillment":true},"sensitive_values":{"capacity_reservation_specification":[],"cpu_options":[],"credit_specification":[],"ebs_block_device":[],"enclave_options":[],"ephemeral_block_device":[],"ipv6_addresses":[],"launch_template":[],"maintenance_options":[],"metadata_options":[],"network_interface":[],"private_dns_name_options":[],"root_block_device":[{"tags_all":{}}],"secondary_private_ips":[],"security_groups":[],"tags":{},"tags_all":{},"vpc_security_group_ids":[]}}],"address":"module.server_nfs"},{"resources":[{"address":"module.vpc.aws_internet_gateway.gw","mode":"managed","type":"aws_internet_gateway","name":"gw","provider_name":"registry.terraform.io/hashicorp/aws","schema_version":0,"values":{"tags":{"Name":"my-k8s-cluster-igw"},"tags_all":{"Name":"my-k8s-cluster-igw"},"timeouts":null},"sensitive_values":{"tags":{},"tags_all":{}}},{"address":"module.vpc.aws_route_table.public","mode":"managed","type":"aws_route_table","name":"public","provider_name":"registry.terraform.io/hashicorp/aws","schema_version":0,"values":{"route":[{"carrier_gateway_id":"","cidr_block":"0.0.0.0/0","core_network_arn":"","destination_prefix_list_id":"","egress_only_gateway_id":"","ipv6_cidr_block":"","local_gateway_id":"","nat_gateway_id":"","network_interface_id":"","transit_gateway_id":"","vpc_endpoint_id":"","vpc_peering_connection_id":""}],"tags":{"Name":"my-k8s-cluster-public-rt"},"tags_all":{"Name":"my-k8s-cluster-public-rt"},"timeouts":null},"sensitive_values":{"propagating_vgws":[],"route":[{}],"tags":{},"tags_all":{}}},{"address":"module.vpc.aws_route_table_association.public[0]","mode":"managed","type":"aws_route_table_association","name":"public","index":0,"provider_name":"registry.terraform.io/hashicorp/aws","schema_version":0,"values":{"gateway_id":null,"timeouts":null},"sensitive_values":{}},{"address":"module.vpc.aws_route_table_association.public[1]","mode":"managed","type":"aws_route_table_association","name":"public","index":1,"provider_name":"registry.terraform.io/hashicorp/aws","schema_version":0,"values":{"gateway_id":null,"timeouts":null},"sensitive_values":{}},{"address":"module.vpc.aws_security_group.kubernetes_master_sg","mode":"managed","type":"aws_security_group","name":"kubernetes_master_sg","provider_name":"registry.terraform.io/hashicorp/aws","schema_version":1,"values":{"description":"Security group for Kubernetes Master nodes","egress":[{"cidr_blocks":["0.0.0.0/0"],"description":"","from_port":0,"ipv6_cidr_blocks":[],"prefix_list_ids":[],"protocol":"-1","security_groups":[],"self":false,"to_port":0}],"ingress":[{"cidr_blocks":["0.0.0.0/0"],"description":"","from_port":22,"ipv6_cidr_blocks":[],"prefix_list_ids":[],"protocol":"tcp","security_groups":[],"self":false,"to_port":22},{"cidr_blocks":["0.0.0.0/0"],"description":"","from_port":443,"ipv6_cidr_blocks":[],"prefix_list_ids":[],"protocol":"tcp","security_groups":[],"self":false,"to_port":443},{"cidr_blocks":["0.0.0.0/0"],"description":"","from_port":6443,"ipv6_cidr_blocks":[],"prefix_list_ids":[],"protocol":"tcp","security_groups":[],"self":false,"to_port":6443},{"cidr_blocks":["10.0.0.0/16"],"description":"","from_port":10250,"ipv6_cidr_blocks":[],"prefix_list_ids":[],"protocol":"tcp","security_groups":[],"self":false,"to_port":10250},{"cidr_blocks":["10.0.0.0/16"],"description":"Allow Calico Pod network","from_port":0,"ipv6_cidr_blocks":[],"prefix_list_ids":[],"protocol":"-1","security_groups":[],"self":false,"to_port":0},{"cidr_blocks":["10.0.0.0/16"],"description":"Allow DNS TCP from within VPC","from_port":53,"ipv6_cidr_blocks":[],"prefix_list_ids":[],"protocol":"tcp","security_groups":[],"self":false,"to_port":53},{"cidr_blocks":["10.0.0.0/16"],"description":"Allow DNS UDP from within VPC","from_port":53,"ipv6_cidr_blocks":[],"prefix_list_ids":[],"protocol":"udp","security_groups":[],"self":false,"to_port":53},{"cidr_blocks":[],"description":"","from_port":10257,"ipv6_cidr_blocks":[],"prefix_list_ids":[],"protocol":"tcp","security_groups":[],"self":true,"to_port":10257},{"cidr_blocks":[],"description":"","from_port":10259,"ipv6_cidr_blocks":[],"prefix_list_ids":[],"protocol":"tcp","security_groups":[],"self":true,"to_port":10259},{"cidr_blocks":[],"description":"etcd client \u0026 peer communication","from_port":2379,"ipv6_cidr_blocks":[],"prefix_list_ids":[],"protocol":"tcp","security_groups":[],"self":true,"to_port":2380}],"name":"my-k8s-cluster-master-sg","revoke_rules_on_delete":false,"tags":{"kubernetes.io/cluster/my-k8s-cluster":"owned"},"tags_all":{"kubernetes.io/cluster/my-k8s-cluster":"owned"},"timeouts":null},"sensitive_values":{"egress":[{"cidr_blocks":[false],"ipv6_cidr_blocks":[],"prefix_list_ids":[],"security_groups":[]}],"ingress":[{"cidr_blocks":[false],"ipv6_cidr_blocks":[],"prefix_list_ids":[],"security_groups":[]},{"cidr_blocks":[false],"ipv6_cidr_blocks":[],"prefix_list_ids":[],"security_groups":[]},{"cidr_blocks":[false],"ipv6_cidr_blocks":[],"prefix_list_ids":[],"security_groups":[]},{"cidr_blocks":[false],"ipv6_cidr_blocks":[],"prefix_list_ids":[],"security_groups":[]},{"cidr_blocks":[false],"ipv6_cidr_blocks":[],"prefix_list_ids":[],"security_groups":[]},{"cidr_blocks":[false],"ipv6_cidr_blocks":[],"prefix_list_ids":[],"security_groups":[]},{"cidr_blocks":[false],"ipv6_cidr_blocks":[],"prefix_list_ids":[],"security_groups":[]},{"cidr_blocks":[],"ipv6_cidr_blocks":[],"prefix_list_ids":[],"security_groups":[]},{"cidr_blocks":[],"ipv6_cidr_blocks":[],"prefix_list_ids":[],"security_groups":[]},{"cidr_blocks":[],"ipv6_cidr_blocks":[],"prefix_list_ids":[],"security_groups":[]}],"tags":{},"tags_all":{}}},{"address":"module.vpc.aws_security_group.kubernetes_worker_sg","mode":"managed","type":"aws_security_group","name":"kubernetes_worker_sg","provider_name":"registry.terraform.io/hashicorp/aws","schema_version":1,"values":{"description":"Security group for Kubernetes Worker nodes","egress":[{"cidr_blocks":["0.0.0.0/0"],"description":"","from_port":0,"ipv6_cidr_blocks":[],"prefix_list_ids":[],"protocol":"-1","security_groups":[],"self":false,"to_port":0}],"ingress":[{"cidr_blocks":["0.0.0.0/0"],"description":"","from_port":22,"ipv6_cidr_blocks":[],"prefix_list_ids":[],"protocol":"tcp","security_groups":[],"self":false,"to_port":22},{"cidr_blocks":["0.0.0.0/0"],"description":"","from_port":30000,"ipv6_cidr_blocks":[],"prefix_list_ids":[],"protocol":"tcp","security_groups":[],"self":false,"to_port":32767},{"cidr_blocks":["10.0.0.0/16"],"description":"","from_port":0,"ipv6_cidr_blocks":[],"prefix_list_ids":[],"protocol":"tcp","security_groups":[],"self":false,"to_port":0},{"cidr_blocks":["10.0.0.0/16"],"description":"","from_port":10250,"ipv6_cidr_blocks":[],"prefix_list_ids":[],"protocol":"tcp","security_groups":[],"self":false,"to_port":10250},{"cidr_blocks":["10.0.0.0/16"],"description":"Allow Calico Pod network","from_port":0,"ipv6_cidr_blocks":[],"prefix_list_ids":[],"protocol":"-1","security_groups":[],"self":false,"to_port":0},{"cidr_blocks":[],"description":"Allow all traffic from Master SG","from_port":0,"ipv6_cidr_blocks":[],"prefix_list_ids":[],"protocol":"-1","self":false,"to_port":0}],"name":"my-k8s-cluster-worker-sg","revoke_rules_on_delete":false,"tags":{"kubernetes.io/cluster/my-k8s-cluster":"owned"},"tags_all":{"kubernetes.io/cluster/my-k8s-cluster":"owned"},"timeouts":null},"sensitive_values":{"egress":[{"cidr_blocks":[false],"ipv6_cidr_blocks":[],"prefix_list_ids":[],"security_groups":[]}],"ingress":[{"cidr_blocks":[false],"ipv6_cidr_blocks":[],"prefix_list_ids":[],"security_groups":[]},{"cidr_blocks":[false],"ipv6_cidr_blocks":[],"prefix_list_ids":[],"security_groups":[]},{"cidr_blocks":[false],"ipv6_cidr_blocks":[],"prefix_list_ids":[],"security_groups":[]},{"cidr_blocks":[false],"ipv6_cidr_blocks":[],"prefix_list_ids":[],"security_groups":[]},{"cidr_blocks":[false],"ipv6_cidr_blocks":[],"prefix_list_ids":[],"security_groups":[]},{"cidr_blocks":[],"ipv6_cidr_blocks":[],"prefix_list_ids":[],"security_groups":[]}],"tags":{},"tags_all":{}}},{"address":"module.vpc.aws_subnet.public[0]","mode":"managed","type":"aws_subnet","name":"public","index":0,"provider_name":"registry.terraform.io/hashicorp/aws","schema_version":1,"values":{"assign_ipv6_address_on_creation":false,"availability_zone":"eu-west-1a","cidr_block":"10.0.1.0/24","customer_owned_ipv4_pool":null,"enable_dns64":false,"enable_lni_at_device_index":null,"enable_resource_name_dns_a_record_on_launch":false,"enable_resource_name_dns_aaaa_record_on_launch":false,"ipv6_cidr_block":null,"ipv6_native":false,"map_customer_owned_ip_on_launch":null,"map_public_ip_on_launch":true,"outpost_arn":null,"tags":{"Name":"my-k8s-cluster-public-subnet-1","kubernetes.io/cluster/my-k8s-cluster":"shared","kubernetes.io/role/elb":"1"},"tags_all":{"Name":"my-k8s-cluster-public-subnet-1","kubernetes.io/cluster/my-k8s-cluster":"shared","kubernetes.io/role/elb":"1"},"timeouts":null},"sensitive_values":{"tags":{},"tags_all":{}}},{"address":"module.vpc.aws_subnet.public[1]","mode":"managed","type":"aws_subnet","name":"public","index":1,"provider_name":"registry.terraform.io/hashicorp/aws","schema_version":1,"values":{"assign_ipv6_address_on_creation":false,"availability_zone":"eu-west-1b","cidr_block":"10.0.2.0/24","customer_owned_ipv4_pool":null,"enable_dns64":false,"enable_lni_at_device_index":null,"enable_resource_name_dns_a_record_on_launch":false,"enable_resource_name_dns_aaaa_record_on_launch":false,"ipv6_cidr_block":null,"ipv6_native":false,"map_customer_owned_ip_on_launch":null,"map_public_ip_on_launch":true,"outpost_arn":null,"tags":{"Name":"my-k8s-cluster-public-subnet-2","kubernetes.io/cluster/my-k8s-cluster":"shared","kubernetes.io/role/elb":"1"},"tags_all":{"Name":"my-k8s-cluster-public-subnet-2","kubernetes.io/cluster/my-k8s-cluster":"shared","kubernetes.io/role/elb":"1"},"timeouts":null},"sensitive_values":{"tags":{},"tags_all":{}}},{"address":"module.vpc.aws_vpc.kubernetes_vpc","mode":"managed","type":"aws_vpc","name":"kubernetes_vpc","provider_name":"registry.terraform.io/hashicorp/aws","schema_version":1,"values":{"assign_generated_ipv6_cidr_block":null,"cidr_block":"10.0.0.0/16","enable_dns_hostnames":true,"enable_dns_support":true,"instance_tenancy":"default","ipv4_ipam_pool_id":null,"ipv4_netmask_length":null,"ipv6_ipam_pool_id":null,"ipv6_netmask_length":null,"tags":{"Name":"my-k8s-cluster-vpc"},"tags_all":{"Name":"my-k8s-cluster-vpc"}},"sensitive_values":{"tags":{},"tags_all":{}}}],"address":"module.vpc"},{"resources":[{"address":"module.worker_nodes.aws_autoscaling_group.worker_asg","mode":"managed","type":"aws_autoscaling_group","name":"worker_asg","provider_name":"registry.terraform.io/hashicorp/aws","schema_version":1,"values":{"capacity_rebalance":null,"context":null,"default_instance_warmup":null,"desired_capacity":7,"desired_capacity_type":"vcpu","enabled_metrics":null,"force_delete":false,"force_delete_warm_pool":false,"health_check_grace_period":300,"ignore_failed_scaling_activities":false,"initial_lifecycle_hook":[],"instance_maintenance_policy":[],"instance_refresh":[{"preferences":[{"alarm_specification":[],"auto_rollback":null,"checkpoint_delay":null,"checkpoint_percentages":null,"instance_warmup":"60","max_healthy_percentage":100,"min_healthy_percentage":90,"scale_in_protected_instances":"Ignore","skip_matching":false,"standby_instances":"Ignore"}],"strategy":"Rolling","triggers":["launch_template"]}],"launch_configuration":null,"max_instance_lifetime":null,"max_size":14,"metrics_granularity":"1Minute","min_elb_capacity":null,"min_size":7,"mixed_instances_policy":[{"instances_distribution":[{"on_demand_base_capacity":0,"on_demand_percentage_above_base_capacity":0,"spot_allocation_strategy":"capacity-optimized","spot_instance_pools":0,"spot_max_price":null}],"launch_template":[{"launch_template_specification":[{}],"override":[{"instance_requirements":[{"accelerator_count":[],"accelerator_manufacturers":null,"accelerator_names":null,"accelerator_total_memory_mib":[],"accelerator_types":null,"allowed_instance_types":null,"bare_metal":null,"baseline_ebs_bandwidth_mbps":[],"burstable_performance":null,"cpu_manufacturers":null,"excluded_instance_types":null,"instance_generations":null,"local_storage":null,"local_storage_types":null,"max_spot_price_as_percentage_of_optimal_on_demand_price":0,"memory_gib_per_vcpu":[],"memory_mib":[{"max":6144,"min":4096}],"network_bandwidth_gbps":[],"network_interface_count":[],"on_demand_max_price_percentage_over_lowest_price":0,"require_hibernate_support":false,"spot_max_price_percentage_over_lowest_price":0,"total_local_storage_gb":[],"vcpu_count":[{"max":3,"min":2}]}],"instance_type":null,"launch_template_specification":[],"weighted_capacity":null}]}]}],"name":"my-k8s-cluster-worker-asg","placement_group":null,"protect_from_scale_in":false,"suspended_processes":null,"tag":[],"termination_policies":null,"timeouts":null,"wait_for_capacity_timeout":"10m","wait_for_elb_capacity":null,"warm_pool":[]},"sensitive_values":{"availability_zone_distribution":[],"availability_zones":[],"capacity_reservation_specification":[],"initial_lifecycle_hook":[],"instance_maintenance_policy":[],"instance_refresh":[{"preferences":[{"alarm_specification":[]}],"triggers":[false]}],"launch_template":[],"load_balancers":[],"mixed_instances_policy":[{"instances_distribution":[{}],"launch_template":[{"launch_template_specification":[{}],"override":[{"instance_requirements":[{"accelerator_count":[],"accelerator_total_memory_mib":[],"baseline_ebs_bandwidth_mbps":[],"memory_gib_per_vcpu":[],"memory_mib":[{}],"network_bandwidth_gbps":[],"network_interface_count":[],"total_local_storage_gb":[],"vcpu_count":[{}]}],"launch_template_specification":[]}]}]}],"tag":[],"target_group_arns":[],"traffic_source":[],"vpc_zone_identifier":[],"warm_pool":[]}},{"address":"module.worker_nodes.aws_launch_template.worker_lt","mode":"managed","type":"aws_launch_template","name":"worker_lt","provider_name":"registry.terraform.io/hashicorp/aws","schema_version":0,"values":{"block_device_mappings":[{"device_name":"/dev/xvda","ebs":[{"delete_on_termination":"true","encrypted":null,"kms_key_id":null,"snapshot_id":null,"volume_size":20,"volume_type":"gp2"}],"no_device":null,"virtual_name":null}],"capacity_reservation_specification":[],"cpu_options":[],"credit_specification":[],"description":null,"disable_api_stop":null,"disable_api_termination":null,"ebs_optimized":null,"elastic_gpu_specifications":[],"elastic_inference_accelerator":[],"enclave_options":[],"hibernation_options":[],"iam_instance_profile":[{"arn":null,"name":"my-k8s-cluster-Instance-Profile"}],"image_id":"ami-064673ca419016c37","instance_initiated_shutdown_behavior":null,"instance_market_options":[],"instance_requirements":[],"instance_type":"t3.medium","kernel_id":null,"key_name":"my-k8s-cluster-ssh-key","license_specification":[],"maintenance_options":[],"metadata_options":[{"http_endpoint":"enabled","http_put_response_hop_limit":2,"http_tokens":"optional","instance_metadata_tags":"enabled"}],"monitoring":[],"name_prefix":"my-k8s-cluster-worker-lt-","network_interfaces":[],"placement":[],"private_dns_name_options":[],"ram_disk_id":null,"security_group_names":null,"tag_specifications":[{"resource_type":"instance","tags":{"Name":"my-k8s-cluster-worker-node"}}],"tags":{"environment":"kubernetes","type_node":"worker"},"tags_all":{"environment":"kubernetes","type_node":"worker"},"update_default_version":null},"sensitive_values":{"block_device_mappings":[{"ebs":[{}]}],"capacity_reservation_specification":[],"cpu_options":[],"credit_specification":[],"elastic_gpu_specifications":[],"elastic_inference_accelerator":[],"enclave_options":[],"hibernation_options":[],"iam_instance_profile":[{}],"instance_market_options":[],"instance_requirements":[],"license_specification":[],"maintenance_options":[],"metadata_options":[{}],"monitoring":[],"network_interfaces":[],"placement":[],"private_dns_name_options":[],"tag_specifications":[{"tags":{}}],"tags":{},"tags_all":{},"user_data":true,"vpc_security_group_ids":[]}},{"address":"module.worker_nodes.data.aws_instances.workers","mode":"data","type":"aws_instances","name":"workers","provider_name":"registry.terraform.io/hashicorp/aws","schema_version":0,"values":{"filter":[],"instance_state_names":["running"],"instance_tags":{"Name":"my-k8s-cluster-worker"},"timeouts":null},"sensitive_values":{"filter":[],"ids":[],"instance_state_names":[false],"instance_tags":{},"ipv6_addresses":[],"private_ips":[],"public_ips":[]}}],"address":"module.worker_nodes"}]}},"resource_changes":[{"address":"data.local_file.kubeadm_join_command_file","mode":"data","type":"local_file","name":"kubeadm_join_command_file","provider_name":"registry.terraform.io/hashicorp/local","change":{"actions":["read"],"before":null,"after":{"filename":"./kubeadm_join_command"},"after_unknown":{"content":true,"content_base64":true,"content_base64sha256":true,"content_base64sha512":true,"content_md5":true,"content_sha1":true,"content_sha256":true,"content_sha512":true,"id":true},"before_sensitive":false,"after_sensitive":{}},"action_reason":"read_because_dependency_pending"},{"address":"data.local_file.kubeconfig_master_file","mode":"data","type":"local_file","name":"kubeconfig_master_file","provider_name":"registry.terraform.io/hashicorp/local","change":{"actions":["read"],"before":null,"after":{"filename":"./kubeconfig-master.conf"},"after_unknown":{"content":true,"content_base64":true,"content_base64sha256":true,"content_base64sha512":true,"content_md5":true,"content_sha1":true,"content_sha256":true,"content_sha512":true,"id":true},"before_sensitive":false,"after_sensitive":{}},"action_reason":"read_because_dependency_pending"},{"address":"aws_iam_instance_profile.k8s_instance_profile","mode":"managed","type":"aws_iam_instance_profile","name":"k8s_instance_profile","provider_name":"registry.terraform.io/hashicorp/aws","change":{"actions":["create"],"before":null,"after":{"name":"my-k8s-cluster-Instance-Profile","path":"/","role":"my-k8s-cluster-EC2-K8s-Role","tags":null},"after_unknown":{"arn":true,"create_date":true,"id":true,"name_prefix":true,"tags_all":true,"unique_id":true},"before_sensitive":false,"after_sensitive":{"tags_all":{}}}},{"address":"aws_iam_policy.ecr_access_policy","mode":"managed","type":"aws_iam_policy","name":"ecr_access_policy","provider_name":"registry.terraform.io/hashicorp/aws","change":{"actions":["create"],"before":null,"after":{"description":"Combined policy for ECR, VPC CNI, and AWS Load Balancer Controller","name":"my-k8s-cluster-Combined-ECR-CNI-ALB-Policy","path":"/","policy":"{\"Statement\":[{\"Action\":[\"ecr:GetAuthorizationToken\",\"ecr:BatchCheckLayerAvailability\",\"ecr:GetDownloadUrlForLayer\",\"ecr:BatchGetImage\",\"ecr:ListImages\",\"ecr:PutImage\",\"ecr:InitiateLayerUpload\",\"ecr:UploadLayerPart\",\"ecr:CompleteLayerUpload\"],\"Effect\":\"Allow\",\"Resource\":\"*\"},{\"Action\":[\"ec2:AssignPrivateIpAddresses\",\"ec2:AttachNetworkInterface\",\"ec2:CreateNetworkInterface\",\"ec2:DeleteNetworkInterface\",\"ec2:DescribeInstances\",\"ec2:DescribeTags\",\"ec2:DescribeNetworkInterfaces\",\"ec2:DescribeInstanceTypes\",\"ec2:DescribeSubnets\",\"ec2:DetachNetworkInterface\",\"ec2:ModifyNetworkInterfaceAttribute\",\"ec2:UnassignPrivateIpAddresses\"],\"Effect\":\"Allow\",\"Resource\":\"*\"},{\"Action\":[\"ec2:CreateTags\"],\"Effect\":\"Allow\",\"Resource\":[\"arn:aws:ec2:*:*:network-interface/*\"]},{\"Action\":[\"iam:CreateServiceLinkedRole\"],\"Condition\":{\"StringEquals\":{\"iam:AWSServiceName\":\"elasticloadbalancing.amazonaws.com\"}},\"Effect\":\"Allow\",\"Resource\":\"*\"},{\"Action\":[\"ec2:DescribeAccountAttributes\",\"ec2:DescribeAddresses\",\"ec2:DescribeAvailabilityZones\",\"ec2:DescribeInternetGateways\",\"ec2:DescribeVpcs\",\"ec2:DescribeSubnets\",\"ec2:DescribeSecurityGroups\",\"ec2:DescribeInstances\",\"ec2:DescribeNetworkInterfaces\",\"ec2:DescribeTags\",\"ec2:GetCoipPoolUsage\",\"ec2:DescribeCoipPools\",\"elasticloadbalancing:Describe*\"],\"Effect\":\"Allow\",\"Resource\":\"*\"},{\"Action\":[\"cognito-idp:DescribeUserPoolClient\",\"acm:ListCertificates\",\"acm:DescribeCertificate\",\"iam:ListServerCertificates\",\"iam:GetServerCertificate\",\"waf-regional:*\",\"wafv2:*\",\"shield:*\"],\"Effect\":\"Allow\",\"Resource\":\"*\"},{\"Action\":[\"ec2:AuthorizeSecurityGroupIngress\",\"ec2:RevokeSecurityGroupIngress\",\"ec2:CreateSecurityGroup\"],\"Effect\":\"Allow\",\"Resource\":\"*\"},{\"Action\":[\"ec2:CreateTags\"],\"Condition\":{\"Null\":{\"aws:RequestTag/elbv2.k8s.aws/cluster\":\"false\"},\"StringEquals\":{\"ec2:CreateAction\":\"CreateSecurityGroup\"}},\"Effect\":\"Allow\",\"Resource\":\"arn:aws:ec2:*:*:security-group/*\"},{\"Action\":[\"ec2:CreateTags\",\"ec2:DeleteTags\"],\"Condition\":{\"Null\":{\"aws:RequestTag/elbv2.k8s.aws/cluster\":\"true\",\"aws:ResourceTag/elbv2.k8s.aws/cluster\":\"false\"}},\"Effect\":\"Allow\",\"Resource\":\"arn:aws:ec2:*:*:security-group/*\"},{\"Action\":[\"ec2:AuthorizeSecurityGroupIngress\",\"ec2:RevokeSecurityGroupIngress\",\"ec2:DeleteSecurityGroup\"],\"Condition\":{\"Null\":{\"aws:ResourceTag/elbv2.k8s.aws/cluster\":\"false\"}},\"Effect\":\"Allow\",\"Resource\":\"*\"},{\"Action\":[\"elasticloadbalancing:CreateLoadBalancer\",\"elasticloadbalancing:CreateTargetGroup\"],\"Condition\":{\"Null\":{\"aws:RequestTag/elbv2.k8s.aws/cluster\":\"false\"}},\"Effect\":\"Allow\",\"Resource\":\"*\"},{\"Action\":[\"elasticloadbalancing:CreateListener\",\"elasticloadbalancing:DeleteListener\",\"elasticloadbalancing:CreateRule\",\"elasticloadbalancing:DeleteRule\"],\"Effect\":\"Allow\",\"Resource\":\"*\"},{\"Action\":[\"elasticloadbalancing:AddTags\",\"elasticloadbalancing:RemoveTags\"],\"Condition\":{\"Null\":{\"aws:RequestTag/elbv2.k8s.aws/cluster\":\"true\",\"aws:ResourceTag/elbv2.k8s.aws/cluster\":\"false\"}},\"Effect\":\"Allow\",\"Resource\":[\"arn:aws:elasticloadbalancing:*:*:targetgroup/*/*\",\"arn:aws:elasticloadbalancing:*:*:loadbalancer/net/*/*\",\"arn:aws:elasticloadbalancing:*:*:loadbalancer/app/*/*\",\"arn:aws:elasticloadbalancing:*:*:listener/app/*/*\",\"arn:aws:elasticloadbalancing:*:*:listener/net/*/*\"]},{\"Action\":[\"elasticloadbalancing:AddTags\"],\"Effect\":\"Allow\",\"Resource\":\"*\"},{\"Action\":[\"elasticloadbalancing:ModifyLoadBalancerAttributes\",\"elasticloadbalancing:SetIpAddressType\",\"elasticloadbalancing:SetSecurityGroups\",\"elasticloadbalancing:SetSubnets\",\"elasticloadbalancing:DeleteLoadBalancer\",\"elasticloadbalancing:ModifyTargetGroup\",\"elasticloadbalancing:ModifyTargetGroupAttributes\",\"elasticloadbalancing:DeleteTargetGroup\"],\"Condition\":{\"Null\":{\"aws:ResourceTag/elbv2.k8s.aws/cluster\":\"false\"}},\"Effect\":\"Allow\",\"Resource\":\"*\"},{\"Action\":[\"elasticloadbalancing:RegisterTargets\",\"elasticloadbalancing:DeregisterTargets\"],\"Effect\":\"Allow\",\"Resource\":\"arn:aws:elasticloadbalancing:*:*:targetgroup/*/*\"},{\"Action\":[\"elasticloadbalancing:SetWebAcl\",\"elasticloadbalancing:ModifyListener\",\"elasticloadbalancing:AddListenerCertificates\",\"elasticloadbalancing:RemoveListenerCertificates\",\"elasticloadbalancing:ModifyRule\"],\"Effect\":\"Allow\",\"Resource\":\"*\"}],\"Version\":\"2012-10-17\"}","tags":null},"after_unknown":{"arn":true,"attachment_count":true,"id":true,"name_prefix":true,"policy_id":true,"tags_all":true},"before_sensitive":false,"after_sensitive":{"tags_all":{}}}},{"address":"aws_iam_role.ec2_k8s_role","mode":"managed","type":"aws_iam_role","name":"ec2_k8s_role","provider_name":"registry.terraform.io/hashicorp/aws","change":{"actions":["create"],"before":null,"after":{"assume_role_policy":"{\"Statement\":[{\"Action\":\"sts:AssumeRole\",\"Effect\":\"Allow\",\"Principal\":{\"Service\":\"ec2.amazonaws.com\"}}],\"Version\":\"2012-10-17\"}","description":null,"force_detach_policies":false,"max_session_duration":3600,"name":"my-k8s-cluster-EC2-K8s-Role","path":"/","permissions_boundary":null,"tags":null},"after_unknown":{"arn":true,"create_date":true,"id":true,"inline_policy":true,"managed_policy_arns":true,"name_prefix":true,"tags_all":true,"unique_id":true},"before_sensitive":false,"after_sensitive":{"inline_policy":[],"managed_policy_arns":[],"tags_all":{}}}},{"address":"aws_iam_role_policy_attachment.ecr_policy_attachment","mode":"managed","type":"aws_iam_role_policy_attachment","name":"ecr_policy_attachment","provider_name":"registry.terraform.io/hashicorp/aws","change":{"actions":["create"],"before":null,"after":{"role":"my-k8s-cluster-EC2-K8s-Role"},"after_unknown":{"id":true,"policy_arn":true},"before_sensitive":false,"after_sensitive":{}}},{"address":"aws_key_pair.generated_key","mode":"managed","type":"aws_key_pair","name":"generated_key","provider_name":"registry.terraform.io/hashicorp/aws","change":{"actions":["create"],"before":null,"after":{"key_name":"my-k8s-cluster-ssh-key","tags":null},"after_unknown":{"arn":true,"fingerprint":true,"id":true,"key_name_prefix":true,"key_pair_id":true,"key_type":true,"public_key":true,"tags_all":true},"before_sensitive":false,"after_sensitive":{"tags_all":{}}}},{"address":"local_file.controlplane_group_vars","mode":"managed","type":"local_file","name":"controlplane_group_vars","provider_name":"registry.terraform.io/hashicorp/local","change":{"actions":["create"],"before":null,"after":{"content_base64":null,"directory_permission":"0777","file_permission":"0777","filename":"./../ansible/group_vars/role_controlplane_first_one.yaml","sensitive_content":null,"source":null},"after_unknown":{"content":true,"content_base64sha256":true,"content_base64sha512":true,"content_md5":true,"content_sha1":true,"content_sha256":true,"content_sha512":true,"id":true},"before_sensitive":false,"after_sensitive":{"sensitive_content":true}}},{"address":"local_file.k8s_private_key_file","mode":"managed","type":"local_file","name":"k8s_private_key_file","provider_name":"registry.terraform.io/hashicorp/local","change":{"actions":["create"],"before":null,"after":{"content_base64":null,"directory_permission":"0777","file_permission":"0777","filename":"./my-k8s-cluster-ssh-key.pem","sensitive_content":null,"source":null},"after_unknown":{"content":true,"content_base64sha256":true,"content_base64sha512":true,"content_md5":true,"content_sha1":true,"content_sha256":true,"content_sha512":true,"id":true},"before_sensitive":false,"after_sensitive":{"content":true,"sensitive_content":true}}},{"address":"null_resource.set_private_key_permissions","mode":"managed","type":"null_resource","name":"set_private_key_permissions","provider_name":"registry.terraform.io/hashicorp/null","change":{"actions":["create"],"before":null,"after":{"triggers":null},"after_unknown":{"id":true},"before_sensitive":false,"after_sensitive":{}}},{"address":"tls_private_key.k8s_key","mode":"managed","type":"tls_private_key","name":"k8s_key","provider_name":"registry.terraform.io/hashicorp/tls","change":{"actions":["create"],"before":null,"after":{"algorithm":"RSA","ecdsa_curve":"P224","rsa_bits":4096},"after_unknown":{"id":true,"private_key_openssh":true,"private_key_pem":true,"private_key_pem_pkcs8":true,"public_key_fingerprint_md5":true,"public_key_fingerprint_sha256":true,"public_key_openssh":true,"public_key_pem":true},"before_sensitive":false,"after_sensitive":{"private_key_openssh":true,"private_key_pem":true,"private_key_pem_pkcs8":true}}},{"address":"module.ecr.aws_ecr_repository.backend_repo","module_address":"module.ecr","mode":"managed","type":"aws_ecr_repository","name":"backend_repo","provider_name":"registry.terraform.io/hashicorp/aws","change":{"actions":["create"],"before":null,"after":{"encryption_configuration":[],"force_delete":true,"image_scanning_configuration":[{"scan_on_push":true}],"image_tag_mutability":"MUTABLE","name":"my-k8s-cluster-backend","tags":null,"timeouts":null},"after_unknown":{"arn":true,"encryption_configuration":[],"id":true,"image_scanning_configuration":[{}],"registry_id":true,"repository_url":true,"tags_all":true},"before_sensitive":false,"after_sensitive":{"encryption_configuration":[],"image_scanning_configuration":[{}],"tags_all":{}}}},{"address":"module.ecr.aws_ecr_repository.database_repo","module_address":"module.ecr","mode":"managed","type":"aws_ecr_repository","name":"database_repo","provider_name":"registry.terraform.io/hashicorp/aws","change":{"actions":["create"],"before":null,"after":{"encryption_configuration":[],"force_delete":true,"image_scanning_configuration":[{"scan_on_push":true}],"image_tag_mutability":"MUTABLE","name":"my-k8s-cluster-database","tags":null,"timeouts":null},"after_unknown":{"arn":true,"encryption_configuration":[],"id":true,"image_scanning_configuration":[{}],"registry_id":true,"repository_url":true,"tags_all":true},"before_sensitive":false,"after_sensitive":{"encryption_configuration":[],"image_scanning_configuration":[{}],"tags_all":{}}}},{"address":"module.ecr.aws_ecr_repository.nginx_repo","module_address":"module.ecr","mode":"managed","type":"aws_ecr_repository","name":"nginx_repo","provider_name":"registry.terraform.io/hashicorp/aws","change":{"actions":["create"],"before":null,"after":{"encryption_configuration":[],"force_delete":true,"image_scanning_configuration":[{"scan_on_push":true}],"image_tag_mutability":"MUTABLE","name":"my-k8s-cluster-nginx","tags":null,"timeouts":null},"after_unknown":{"arn":true,"encryption_configuration":[],"id":true,"image_scanning_configuration":[{}],"registry_id":true,"repository_url":true,"tags_all":true},"before_sensitive":false,"after_sensitive":{"encryption_configuration":[],"image_scanning_configuration":[{}],"tags_all":{}}}},{"address":"module.master_node.aws_instance.master","module_address":"module.master_node","mode":"managed","type":"aws_instance","name":"master","provider_name":"registry.terraform.io/hashicorp/aws","change":{"actions":["create"],"before":null,"after":{"ami":"ami-064673ca419016c37","credit_specification":[],"get_password_data":false,"hibernation":null,"iam_instance_profile":"my-k8s-cluster-Instance-Profile","instance_type":"t3.medium","key_name":"my-k8s-cluster-ssh-key","launch_template":[],"root_block_device":[{"delete_on_termination":true,"tags":null,"volume_size":40,"volume_type":"gp2"}],"source_dest_check":true,"tags":{"Name":"my-k8s-cluster-controlplane","environment":"kubernetes","type_node":"controlplane-first-one"},"tags_all":{"Name":"my-k8s-cluster-controlplane","environment":"kubernetes","type_node":"controlplane-first-one"},"timeouts":null,"user_data_replace_on_change":true,"volume_tags":null},"after_unknown":{"arn":true,"associate_public_ip_address":true,"availability_zone":true,"capacity_reservation_specification":true,"cpu_core_count":true,"cpu_options":true,"cpu_threads_per_core":true,"credit_specification":[],"disable_api_stop":true,"disable_api_termination":true,"ebs_block_device":true,"ebs_optimized":true,"enable_primary_ipv6":true,"enclave_options":true,"ephemeral_block_device":true,"host_id":true,"host_resource_group_arn":true,"id":true,"instance_initiated_shutdown_behavior":true,"instance_lifecycle":true,"instance_market_options":true,"instance_state":true,"ipv6_address_count":true,"ipv6_addresses":true,"launch_template":[],"maintenance_options":true,"metadata_options":true,"monitoring":true,"network_interface":true,"outpost_arn":true,"password_data":true,"placement_group":true,"placement_partition_number":true,"primary_network_interface_id":true,"private_dns":true,"private_dns_name_options":true,"private_ip":true,"public_dns":true,"public_ip":true,"root_block_device":[{"device_name":true,"encrypted":true,"iops":true,"kms_key_id":true,"tags_all":true,"throughput":true,"volume_id":true}],"secondary_private_ips":true,"security_groups":true,"spot_instance_request_id":true,"subnet_id":true,"tags":{},"tags_all":{},"tenancy":true,"user_data":true,"user_data_base64":true,"vpc_security_group_ids":true},"before_sensitive":false,"after_sensitive":{"capacity_reservation_specification":[],"cpu_options":[],"credit_specification":[],"ebs_block_device":[],"enclave_options":[],"ephemeral_block_device":[],"instance_market_options":[],"ipv6_addresses":[],"launch_template":[],"maintenance_options":[],"metadata_options":[],"network_interface":[],"private_dns_name_options":[],"root_block_device":[{"tags_all":{}}],"secondary_private_ips":[],"security_groups":[],"tags":{},"tags_all":{},"vpc_security_group_ids":[]}}},{"address":"module.master_node.null_resource.master_setup","module_address":"module.master_node","mode":"managed","type":"null_resource","name":"master_setup","provider_name":"registry.terraform.io/hashicorp/null","change":{"actions":["create"],"before":null,"after":{"triggers":null},"after_unknown":{"id":true},"before_sensitive":false,"after_sensitive":{}}},{"address":"module.server_nfs.aws_route53_record.nfs","module_address":"module.server_nfs","mode":"managed","type":"aws_route53_record","name":"nfs","provider_name":"registry.terraform.io/hashicorp/aws","change":{"actions":["create"],"before":null,"after":{"alias":[],"cidr_routing_policy":[],"failover_routing_policy":[],"geolocation_routing_policy":[],"geoproximity_routing_policy":[],"health_check_id":null,"latency_routing_policy":[],"multivalue_answer_routing_policy":null,"name":"nfs.internal","set_identifier":null,"timeouts":null,"ttl":300,"type":"A","weighted_routing_policy":[]},"after_unknown":{"alias":[],"allow_overwrite":true,"cidr_routing_policy":[],"failover_routing_policy":[],"fqdn":true,"geolocation_routing_policy":[],"geoproximity_routing_policy":[],"id":true,"latency_routing_policy":[],"records":true,"weighted_routing_policy":[],"zone_id":true},"before_sensitive":false,"after_sensitive":{"alias":[],"cidr_routing_policy":[],"failover_routing_policy":[],"geolocation_routing_policy":[],"geoproximity_routing_policy":[],"latency_routing_policy":[],"records":[],"weighted_routing_policy":[]}}},{"address":"module.server_nfs.aws_route53_zone.internal","module_address":"module.server_nfs","mode":"managed","type":"aws_route53_zone","name":"internal","provider_name":"registry.terraform.io/hashicorp/aws","change":{"actions":["create"],"before":null,"after":{"comment":"Managed by Terraform","delegation_set_id":null,"force_destroy":false,"name":"internal","tags":null,"timeouts":null,"vpc":[{}]},"after_unknown":{"arn":true,"id":true,"name_servers":true,"primary_name_server":true,"tags_all":true,"vpc":[{"vpc_id":true,"vpc_region":true}],"zone_id":true},"before_sensitive":false,"after_sensitive":{"name_servers":[],"tags_all":{},"vpc":[{}]}}},{"address":"module.server_nfs.aws_security_group.nfs_sg","module_address":"module.server_nfs","mode":"managed","type":"aws_security_group","name":"nfs_sg","provider_name":"registry.terraform.io/hashicorp/aws","change":{"actions":["create"],"before":null,"after":{"description":"Managed by Terraform","egress":[{"cidr_blocks":["0.0.0.0/0"],"description":"","from_port":0,"ipv6_cidr_blocks":[],"prefix_list_ids":[],"protocol":"-1","security_groups":[],"self":false,"to_port":0}],"ingress":[{"cidr_blocks":["0.0.0.0/0"],"description":"","from_port":22,"ipv6_cidr_blocks":[],"prefix_list_ids":[],"protocol":"tcp","security_groups":[],"self":false,"to_port":22},{"cidr_blocks":["10.0.0.0/16"],"description":"","from_port":111,"ipv6_cidr_blocks":[],"prefix_list_ids":[],"protocol":"tcp","security_groups":[],"self":false,"to_port":111},{"cidr_blocks":["10.0.0.0/16"],"description":"","from_port":20048,"ipv6_cidr_blocks":[],"prefix_list_ids":[],"protocol":"tcp","security_groups":[],"self":false,"to_port":20048},{"cidr_blocks":["10.0.0.0/16"],"description":"","from_port":2049,"ipv6_cidr_blocks":[],"prefix_list_ids":[],"protocol":"tcp","security_groups":[],"self":false,"to_port":2049},{"cidr_blocks":["10.0.0.0/16"],"description":"","from_port":32765,"ipv6_cidr_blocks":[],"prefix_list_ids":[],"protocol":"tcp","security_groups":[],"self":false,"to_port":32769}],"name":"nfs-sg","revoke_rules_on_delete":false,"tags":null,"timeouts":null},"after_unknown":{"arn":true,"egress":[{"cidr_blocks":[false],"ipv6_cidr_blocks":[],"prefix_list_ids":[],"security_groups":[]}],"id":true,"ingress":[{"cidr_blocks":[false],"ipv6_cidr_blocks":[],"prefix_list_ids":[],"security_groups":[]},{"cidr_blocks":[false],"ipv6_cidr_blocks":[],"prefix_list_ids":[],"security_groups":[]},{"cidr_blocks":[false],"ipv6_cidr_blocks":[],"prefix_list_ids":[],"security_groups":[]},{"cidr_blocks":[false],"ipv6_cidr_blocks":[],"prefix_list_ids":[],"security_groups":[]},{"cidr_blocks":[false],"ipv6_cidr_blocks":[],"prefix_list_ids":[],"security_groups":[]}],"name_prefix":true,"owner_id":true,"tags_all":true,"vpc_id":true},"before_sensitive":false,"after_sensitive":{"egress":[{"cidr_blocks":[false],"ipv6_cidr_blocks":[],"prefix_list_ids":[],"security_groups":[]}],"ingress":[{"cidr_blocks":[false],"ipv6_cidr_blocks":[],"prefix_list_ids":[],"security_groups":[]},{"cidr_blocks":[false],"ipv6_cidr_blocks":[],"prefix_list_ids":[],"security_groups":[]},{"cidr_blocks":[false],"ipv6_cidr_blocks":[],"prefix_list_ids":[],"security_groups":[]},{"cidr_blocks":[false],"ipv6_cidr_blocks":[],"prefix_list_ids":[],"security_groups":[]},{"cidr_blocks":[false],"ipv6_cidr_blocks":[],"prefix_list_ids":[],"security_groups":[]}],"tags_all":{}}}},{"address":"module.server_nfs.aws_spot_instance_request.cheap_worker","module_address":"module.server_nfs","mode":"managed","type":"aws_spot_instance_request","name":"cheap_worker","provider_name":"registry.terraform.io/hashicorp/aws","change":{"actions":["create"],"before":null,"after":{"ami":"ami-064673ca419016c37","block_duration_minutes":null,"credit_specification":[],"get_password_data":false,"hibernation":null,"instance_interruption_behavior":"stop","instance_type":"c4.xlarge","key_name":"my-k8s-cluster-ssh-key","launch_group":null,"launch_template":[],"root_block_device":[{"delete_on_termination":true,"tags":null,"volume_size":20,"volume_type":"gp2"}],"source_dest_check":true,"spot_type":"persistent","tags":{"Name":"nfs-spot-instance"},"tags_all":{"Name":"nfs-spot-instance"},"timeouts":null,"user_data":"d516cb342622f5f8812c64783046bb99e0ed6957","user_data_replace_on_change":false,"volume_tags":null,"wait_for_fulfillment":true},"after_unknown":{"arn":true,"associate_public_ip_address":true,"availability_zone":true,"capacity_reservation_specification":true,"cpu_core_count":true,"cpu_options":true,"cpu_threads_per_core":true,"credit_specification":[],"disable_api_stop":true,"disable_api_termination":true,"ebs_block_device":true,"ebs_optimized":true,"enable_primary_ipv6":true,"enclave_options":true,"ephemeral_block_device":true,"host_id":true,"host_resource_group_arn":true,"iam_instance_profile":true,"id":true,"instance_initiated_shutdown_behavior":true,"instance_state":true,"ipv6_address_count":true,"ipv6_addresses":true,"launch_template":[],"maintenance_options":true,"metadata_options":true,"monitoring":true,"network_interface":true,"outpost_arn":true,"password_data":true,"placement_group":true,"placement_partition_number":true,"primary_network_interface_id":true,"private_dns":true,"private_dns_name_options":true,"private_ip":true,"public_dns":true,"public_ip":true,"root_block_device":[{"device_name":true,"encrypted":true,"iops":true,"kms_key_id":true,"tags_all":true,"throughput":true,"volume_id":true}],"secondary_private_ips":true,"security_groups":true,"spot_bid_status":true,"spot_instance_id":true,"spot_price":true,"spot_request_state":true,"subnet_id":true,"tags":{},"tags_all":{},"tenancy":true,"user_data_base64":true,"valid_from":true,"valid_until":true,"vpc_security_group_ids":true},"before_sensitive":false,"after_sensitive":{"capacity_reservation_specification":[],"cpu_options":[],"credit_specification":[],"ebs_block_device":[],"enclave_options":[],"ephemeral_block_device":[],"ipv6_addresses":[],"launch_template":[],"maintenance_options":[],"metadata_options":[],"network_interface":[],"private_dns_name_options":[],"root_block_device":[{"tags_all":{}}],"secondary_private_ips":[],"security_groups":[],"tags":{},"tags_all":{},"vpc_security_group_ids":[]}}},{"address":"module.vpc.aws_internet_gateway.gw","module_address":"module.vpc","mode":"managed","type":"aws_internet_gateway","name":"gw","provider_name":"registry.terraform.io/hashicorp/aws","change":{"actions":["create"],"before":null,"after":{"tags":{"Name":"my-k8s-cluster-igw"},"tags_all":{"Name":"my-k8s-cluster-igw"},"timeouts":null},"after_unknown":{"arn":true,"id":true,"owner_id":true,"tags":{},"tags_all":{},"vpc_id":true},"before_sensitive":false,"after_sensitive":{"tags":{},"tags_all":{}}}},{"address":"module.vpc.aws_route_table.public","module_address":"module.vpc","mode":"managed","type":"aws_route_table","name":"public","provider_name":"registry.terraform.io/hashicorp/aws","change":{"actions":["create"],"before":null,"after":{"route":[{"carrier_gateway_id":"","cidr_block":"0.0.0.0/0","core_network_arn":"","destination_prefix_list_id":"","egress_only_gateway_id":"","ipv6_cidr_block":"","local_gateway_id":"","nat_gateway_id":"","network_interface_id":"","transit_gateway_id":"","vpc_endpoint_id":"","vpc_peering_connection_id":""}],"tags":{"Name":"my-k8s-cluster-public-rt"},"tags_all":{"Name":"my-k8s-cluster-public-rt"},"timeouts":null},"after_unknown":{"arn":true,"id":true,"owner_id":true,"propagating_vgws":true,"route":[{"gateway_id":true}],"tags":{},"tags_all":{},"vpc_id":true},"before_sensitive":false,"after_sensitive":{"propagating_vgws":[],"route":[{}],"tags":{},"tags_all":{}}}},{"address":"module.vpc.aws_route_table_association.public[0]","module_address":"module.vpc","mode":"managed","type":"aws_route_table_association","name":"public","index":0,"provider_name":"registry.terraform.io/hashicorp/aws","change":{"actions":["create"],"before":null,"after":{"gateway_id":null,"timeouts":null},"after_unknown":{"id":true,"route_table_id":true,"subnet_id":true},"before_sensitive":false,"after_sensitive":{}}},{"address":"module.vpc.aws_route_table_association.public[1]","module_address":"module.vpc","mode":"managed","type":"aws_route_table_association","name":"public","index":1,"provider_name":"registry.terraform.io/hashicorp/aws","change":{"actions":["create"],"before":null,"after":{"gateway_id":null,"timeouts":null},"after_unknown":{"id":true,"route_table_id":true,"subnet_id":true},"before_sensitive":false,"after_sensitive":{}}},{"address":"module.vpc.aws_security_group.kubernetes_master_sg","module_address":"module.vpc","mode":"managed","type":"aws_security_group","name":"kubernetes_master_sg","provider_name":"registry.terraform.io/hashicorp/aws","change":{"actions":["create"],"before":null,"after":{"description":"Security group for Kubernetes Master nodes","egress":[{"cidr_blocks":["0.0.0.0/0"],"description":"","from_port":0,"ipv6_cidr_blocks":[],"prefix_list_ids":[],"protocol":"-1","security_groups":[],"self":false,"to_port":0}],"ingress":[{"cidr_blocks":["0.0.0.0/0"],"description":"","from_port":22,"ipv6_cidr_blocks":[],"prefix_list_ids":[],"protocol":"tcp","security_groups":[],"self":false,"to_port":22},{"cidr_blocks":["0.0.0.0/0"],"description":"","from_port":443,"ipv6_cidr_blocks":[],"prefix_list_ids":[],"protocol":"tcp","security_groups":[],"self":false,"to_port":443},{"cidr_blocks":["0.0.0.0/0"],"description":"","from_port":6443,"ipv6_cidr_blocks":[],"prefix_list_ids":[],"protocol":"tcp","security_groups":[],"self":false,"to_port":6443},{"cidr_blocks":["10.0.0.0/16"],"description":"","from_port":10250,"ipv6_cidr_blocks":[],"prefix_list_ids":[],"protocol":"tcp","security_groups":[],"self":false,"to_port":10250},{"cidr_blocks":["10.0.0.0/16"],"description":"Allow Calico Pod network","from_port":0,"ipv6_cidr_blocks":[],"prefix_list_ids":[],"protocol":"-1","security_groups":[],"self":false,"to_port":0},{"cidr_blocks":["10.0.0.0/16"],"description":"Allow DNS TCP from within VPC","from_port":53,"ipv6_cidr_blocks":[],"prefix_list_ids":[],"protocol":"tcp","security_groups":[],"self":false,"to_port":53},{"cidr_blocks":["10.0.0.0/16"],"description":"Allow DNS UDP from within VPC","from_port":53,"ipv6_cidr_blocks":[],"prefix_list_ids":[],"protocol":"udp","security_groups":[],"self":false,"to_port":53},{"cidr_blocks":[],"description":"","from_port":10257,"ipv6_cidr_blocks":[],"prefix_list_ids":[],"protocol":"tcp","security_groups":[],"self":true,"to_port":10257},{"cidr_blocks":[],"description":"","from_port":10259,"ipv6_cidr_blocks":[],"prefix_list_ids":[],"protocol":"tcp","security_groups":[],"self":true,"to_port":10259},{"cidr_blocks":[],"description":"etcd client \u0026 peer communication","from_port":2379,"ipv6_cidr_blocks":[],"prefix_list_ids":[],"protocol":"tcp","security_groups":[],"self":true,"to_port":2380}],"name":"my-k8s-cluster-master-sg","revoke_rules_on_delete":false,"tags":{"kubernetes.io/cluster/my-k8s-cluster":"owned"},"tags_all":{"kubernetes.io/cluster/my-k8s-cluster":"owned"},"timeouts":null},"after_unknown":{"arn":true,"egress":[{"cidr_blocks":[false],"ipv6_cidr_blocks":[],"prefix_list_ids":[],"security_groups":[]}],"id":true,"ingress":[{"cidr_blocks":[false],"ipv6_cidr_blocks":[],"prefix_list_ids":[],"security_groups":[]},{"cidr_blocks":[false],"ipv6_cidr_blocks":[],"prefix_list_ids":[],"security_groups":[]},{"cidr_blocks":[false],"ipv6_cidr_blocks":[],"prefix_list_ids":[],"security_groups":[]},{"cidr_blocks":[false],"ipv6_cidr_blocks":[],"prefix_list_ids":[],"security_groups":[]},{"cidr_blocks":[false],"ipv6_cidr_blocks":[],"prefix_list_ids":[],"security_groups":[]},{"cidr_blocks":[false],"ipv6_cidr_blocks":[],"prefix_list_ids":[],"security_groups":[]},{"cidr_blocks":[false],"ipv6_cidr_blocks":[],"prefix_list_ids":[],"security_groups":[]},{"cidr_blocks":[],"ipv6_cidr_blocks":[],"prefix_list_ids":[],"security_groups":[]},{"cidr_blocks":[],"ipv6_cidr_blocks":[],"prefix_list_ids":[],"security_groups":[]},{"cidr_blocks":[],"ipv6_cidr_blocks":[],"prefix_list_ids":[],"security_groups":[]}],"name_prefix":true,"owner_id":true,"tags":{},"tags_all":{},"vpc_id":true},"before_sensitive":false,"after_sensitive":{"egress":[{"cidr_blocks":[false],"ipv6_cidr_blocks":[],"prefix_list_ids":[],"security_groups":[]}],"ingress":[{"cidr_blocks":[false],"ipv6_cidr_blocks":[],"prefix_list_ids":[],"security_groups":[]},{"cidr_blocks":[false],"ipv6_cidr_blocks":[],"prefix_list_ids":[],"security_groups":[]},{"cidr_blocks":[false],"ipv6_cidr_blocks":[],"prefix_list_ids":[],"security_groups":[]},{"cidr_blocks":[false],"ipv6_cidr_blocks":[],"prefix_list_ids":[],"security_groups":[]},{"cidr_blocks":[false],"ipv6_cidr_blocks":[],"prefix_list_ids":[],"security_groups":[]},{"cidr_blocks":[false],"ipv6_cidr_blocks":[],"prefix_list_ids":[],"security_groups":[]},{"cidr_blocks":[false],"ipv6_cidr_blocks":[],"prefix_list_ids":[],"security_groups":[]},{"cidr_blocks":[],"ipv6_cidr_blocks":[],"prefix_list_ids":[],"security_groups":[]},{"cidr_blocks":[],"ipv6_cidr_blocks":[],"prefix_list_ids":[],"security_groups":[]},{"cidr_blocks":[],"ipv6_cidr_blocks":[],"prefix_list_ids":[],"security_groups":[]}],"tags":{},"tags_all":{}}}},{"address":"module.vpc.aws_security_group.kubernetes_worker_sg","module_address":"module.vpc","mode":"managed","type":"aws_security_group","name":"kubernetes_worker_sg","provider_name":"registry.terraform.io/hashicorp/aws","change":{"actions":["create"],"before":null,"after":{"description":"Security group for Kubernetes Worker nodes","egress":[{"cidr_blocks":["0.0.0.0/0"],"description":"","from_port":0,"ipv6_cidr_blocks":[],"prefix_list_ids":[],"protocol":"-1","security_groups":[],"self":false,"to_port":0}],"ingress":[{"cidr_blocks":["0.0.0.0/0"],"description":"","from_port":22,"ipv6_cidr_blocks":[],"prefix_list_ids":[],"protocol":"tcp","security_groups":[],"self":false,"to_port":22},{"cidr_blocks":["0.0.0.0/0"],"description":"","from_port":30000,"ipv6_cidr_blocks":[],"prefix_list_ids":[],"protocol":"tcp","security_groups":[],"self":false,"to_port":32767},{"cidr_blocks":["10.0.0.0/16"],"description":"","from_port":0,"ipv6_cidr_blocks":[],"prefix_list_ids":[],"protocol":"tcp","security_groups":[],"self":false,"to_port":0},{"cidr_blocks":["10.0.0.0/16"],"description":"","from_port":10250,"ipv6_cidr_blocks":[],"prefix_list_ids":[],"protocol":"tcp","security_groups":[],"self":false,"to_port":10250},{"cidr_blocks":["10.0.0.0/16"],"description":"Allow Calico Pod network","from_port":0,"ipv6_cidr_blocks":[],"prefix_list_ids":[],"protocol":"-1","security_groups":[],"self":false,"to_port":0},{"cidr_blocks":[],"description":"Allow all traffic from Master SG","from_port":0,"ipv6_cidr_blocks":[],"prefix_list_ids":[],"protocol":"-1","self":false,"to_port":0}],"name":"my-k8s-cluster-worker-sg","revoke_rules_on_delete":false,"tags":{"kubernetes.io/cluster/my-k8s-cluster":"owned"},"tags_all":{"kubernetes.io/cluster/my-k8s-cluster":"owned"},"timeouts":null},"after_unknown":{"arn":true,"egress":[{"cidr_blocks":[false],"ipv6_cidr_blocks":[],"prefix_list_ids":[],"security_groups":[]}],"id":true,"ingress":[{"cidr_blocks":[false],"ipv6_cidr_blocks":[],"prefix_list_ids":[],"security_groups":[]},{"cidr_blocks":[false],"ipv6_cidr_blocks":[],"prefix_list_ids":[],"security_groups":[]},{"cidr_blocks":[false],"ipv6_cidr_blocks":[],"prefix_list_ids":[],"security_groups":[]},{"cidr_blocks":[false],"ipv6_cidr_blocks":[],"prefix_list_ids":[],"security_groups":[]},{"cidr_blocks":[false],"ipv6_cidr_blocks":[],"prefix_list_ids":[],"security_groups":[]},{"cidr_blocks":[],"ipv6_cidr_blocks":[],"prefix_list_ids":[],"security_groups":true}],"name_prefix":true,"owner_id":true,"tags":{},"tags_all":{},"vpc_id":true},"before_sensitive":false,"after_sensitive":{"egress":[{"cidr_blocks":[false],"ipv6_cidr_blocks":[],"prefix_list_ids":[],"security_groups":[]}],"ingress":[{"cidr_blocks":[false],"ipv6_cidr_blocks":[],"prefix_list_ids":[],"security_groups":[]},{"cidr_blocks":[false],"ipv6_cidr_blocks":[],"prefix_list_ids":[],"security_groups":[]},{"cidr_blocks":[false],"ipv6_cidr_blocks":[],"prefix_list_ids":[],"security_groups":[]},{"cidr_blocks":[false],"ipv6_cidr_blocks":[],"prefix_list_ids":[],"security_groups":[]},{"cidr_blocks":[false],"ipv6_cidr_blocks":[],"prefix_list_ids":[],"security_groups":[]},{"cidr_blocks":[],"ipv6_cidr_blocks":[],"prefix_list_ids":[],"security_groups":[]}],"tags":{},"tags_all":{}}}},{"address":"module.vpc.aws_subnet.public[0]","module_address":"module.vpc","mode":"managed","type":"aws_subnet","name":"public","index":0,"provider_name":"registry.terraform.io/hashicorp/aws","change":{"actions":["create"],"before":null,"after":{"assign_ipv6_address_on_creation":false,"availability_zone":"eu-west-1a","cidr_block":"10.0.1.0/24","customer_owned_ipv4_pool":null,"enable_dns64":false,"enable_lni_at_device_index":null,"enable_resource_name_dns_a_record_on_launch":false,"enable_resource_name_dns_aaaa_record_on_launch":false,"ipv6_cidr_block":null,"ipv6_native":false,"map_customer_owned_ip_on_launch":null,"map_public_ip_on_launch":true,"outpost_arn":null,"tags":{"Name":"my-k8s-cluster-public-subnet-1","kubernetes.io/cluster/my-k8s-cluster":"shared","kubernetes.io/role/elb":"1"},"tags_all":{"Name":"my-k8s-cluster-public-subnet-1","kubernetes.io/cluster/my-k8s-cluster":"shared","kubernetes.io/role/elb":"1"},"timeouts":null},"after_unknown":{"arn":true,"availability_zone_id":true,"id":true,"ipv6_cidr_block_association_id":true,"owner_id":true,"private_dns_hostname_type_on_launch":true,"tags":{},"tags_all":{},"vpc_id":true},"before_sensitive":false,"after_sensitive":{"tags":{},"tags_all":{}}}},{"address":"module.vpc.aws_subnet.public[1]","module_address":"module.vpc","mode":"managed","type":"aws_subnet","name":"public","index":1,"provider_name":"registry.terraform.io/hashicorp/aws","change":{"actions":["create"],"before":null,"after":{"assign_ipv6_address_on_creation":false,"availability_zone":"eu-west-1b","cidr_block":"10.0.2.0/24","customer_owned_ipv4_pool":null,"enable_dns64":false,"enable_lni_at_device_index":null,"enable_resource_name_dns_a_record_on_launch":false,"enable_resource_name_dns_aaaa_record_on_launch":false,"ipv6_cidr_block":null,"ipv6_native":false,"map_customer_owned_ip_on_launch":null,"map_public_ip_on_launch":true,"outpost_arn":null,"tags":{"Name":"my-k8s-cluster-public-subnet-2","kubernetes.io/cluster/my-k8s-cluster":"shared","kubernetes.io/role/elb":"1"},"tags_all":{"Name":"my-k8s-cluster-public-subnet-2","kubernetes.io/cluster/my-k8s-cluster":"shared","kubernetes.io/role/elb":"1"},"timeouts":null},"after_unknown":{"arn":true,"availability_zone_id":true,"id":true,"ipv6_cidr_block_association_id":true,"owner_id":true,"private_dns_hostname_type_on_launch":true,"tags":{},"tags_all":{},"vpc_id":true},"before_sensitive":false,"after_sensitive":{"tags":{},"tags_all":{}}}},{"address":"module.vpc.aws_vpc.kubernetes_vpc","module_address":"module.vpc","mode":"managed","type":"aws_vpc","name":"kubernetes_vpc","provider_name":"registry.terraform.io/hashicorp/aws","change":{"actions":["create"],"before":null,"after":{"assign_generated_ipv6_cidr_block":null,"cidr_block":"10.0.0.0/16","enable_dns_hostnames":true,"enable_dns_support":true,"instance_tenancy":"default","ipv4_ipam_pool_id":null,"ipv4_netmask_length":null,"ipv6_ipam_pool_id":null,"ipv6_netmask_length":null,"tags":{"Name":"my-k8s-cluster-vpc"},"tags_all":{"Name":"my-k8s-cluster-vpc"}},"after_unknown":{"arn":true,"default_network_acl_id":true,"default_route_table_id":true,"default_security_group_id":true,"dhcp_options_id":true,"enable_network_address_usage_metrics":true,"id":true,"ipv6_association_id":true,"ipv6_cidr_block":true,"ipv6_cidr_block_network_border_group":true,"main_route_table_id":true,"owner_id":true,"tags":{},"tags_all":{}},"before_sensitive":false,"after_sensitive":{"tags":{},"tags_all":{}}}},{"address":"module.worker_nodes.data.aws_instances.workers","module_address":"module.worker_nodes","mode":"data","type":"aws_instances","name":"workers","provider_name":"registry.terraform.io/hashicorp/aws","change":{"actions":["read"],"before":null,"after":{"filter":[],"instance_state_names":["running"],"instance_tags":{"Name":"my-k8s-cluster-worker"},"timeouts":null},"after_unknown":{"filter":[],"id":true,"ids":true,"instance_state_names":[false],"instance_tags":{},"ipv6_addresses":true,"private_ips":true,"public_ips":true},"before_sensitive":false,"after_sensitive":{"filter":[],"ids":[],"instance_state_names":[false],"instance_tags":{},"ipv6_addresses":[],"private_ips":[],"public_ips":[]}},"action_reason":"read_because_dependency_pending"},{"address":"module.worker_nodes.aws_autoscaling_group.worker_asg","module_address":"module.worker_nodes","mode":"managed","type":"aws_autoscaling_group","name":"worker_asg","provider_name":"registry.terraform.io/hashicorp/aws","change":{"actions":["create"],"before":null,"after":{"capacity_rebalance":null,"context":null,"default_instance_warmup":null,"desired_capacity":7,"desired_capacity_type":"vcpu","enabled_metrics":null,"force_delete":false,"force_delete_warm_pool":false,"health_check_grace_period":300,"ignore_failed_scaling_activities":false,"initial_lifecycle_hook":[],"instance_maintenance_policy":[],"instance_refresh":[{"preferences":[{"alarm_specification":[],"auto_rollback":null,"checkpoint_delay":null,"checkpoint_percentages":null,"instance_warmup":"60","max_healthy_percentage":100,"min_healthy_percentage":90,"scale_in_protected_instances":"Ignore","skip_matching":false,"standby_instances":"Ignore"}],"strategy":"Rolling","triggers":["launch_template"]}],"launch_configuration":null,"max_instance_lifetime":null,"max_size":14,"metrics_granularity":"1Minute","min_elb_capacity":null,"min_size":7,"mixed_instances_policy":[{"instances_distribution":[{"on_demand_base_capacity":0,"on_demand_percentage_above_base_capacity":0,"spot_allocation_strategy":"capacity-optimized","spot_instance_pools":0,"spot_max_price":null}],"launch_template":[{"launch_template_specification":[{}],"override":[{"instance_requirements":[{"accelerator_count":[],"accelerator_manufacturers":null,"accelerator_names":null,"accelerator_total_memory_mib":[],"accelerator_types":null,"allowed_instance_types":null,"bare_metal":null,"baseline_ebs_bandwidth_mbps":[],"burstable_performance":null,"cpu_manufacturers":null,"excluded_instance_types":null,"instance_generations":null,"local_storage":null,"local_storage_types":null,"max_spot_price_as_percentage_of_optimal_on_demand_price":0,"memory_gib_per_vcpu":[],"memory_mib":[{"max":6144,"min":4096}],"network_bandwidth_gbps":[],"network_interface_count":[],"on_demand_max_price_percentage_over_lowest_price":0,"require_hibernate_support":false,"spot_max_price_percentage_over_lowest_price":0,"total_local_storage_gb":[],"vcpu_count":[{"max":3,"min":2}]}],"instance_type":null,"launch_template_specification":[],"weighted_capacity":null}]}]}],"name":"my-k8s-cluster-worker-asg","placement_group":null,"protect_from_scale_in":false,"suspended_processes":null,"tag":[],"termination_policies":null,"timeouts":null,"wait_for_capacity_timeout":"10m","wait_for_elb_capacity":null,"warm_pool":[]},"after_unknown":{"arn":true,"availability_zone_distribution":true,"availability_zones":true,"capacity_reservation_specification":true,"default_cooldown":true,"health_check_type":true,"id":true,"initial_lifecycle_hook":[],"instance_maintenance_policy":[],"instance_refresh":[{"preferences":[{"alarm_specification":[]}],"triggers":[false]}],"launch_template":true,"load_balancers":true,"mixed_instances_policy":[{"instances_distribution":[{"on_demand_allocation_strategy":true}],"launch_template":[{"launch_template_specification":[{"launch_template_id":true,"launch_template_name":true,"version":true}],"override":[{"instance_requirements":[{"accelerator_count":[],"accelerator_total_memory_mib":[],"baseline_ebs_bandwidth_mbps":[],"memory_gib_per_vcpu":[],"memory_mib":[{}],"network_bandwidth_gbps":[],"network_interface_count":[],"total_local_storage_gb":[],"vcpu_count":[{}]}],"launch_template_specification":[]}]}]}],"name_prefix":true,"predicted_capacity":true,"service_linked_role_arn":true,"tag":[],"target_group_arns":true,"traffic_source":true,"vpc_zone_identifier":true,"warm_pool":[],"warm_pool_size":true},"before_sensitive":false,"after_sensitive":{"availability_zone_distribution":[],"availability_zones":[],"capacity_reservation_specification":[],"initial_lifecycle_hook":[],"instance_maintenance_policy":[],"instance_refresh":[{"preferences":[{"alarm_specification":[]}],"triggers":[false]}],"launch_template":[],"load_balancers":[],"mixed_instances_policy":[{"instances_distribution":[{}],"launch_template":[{"launch_template_specification":[{}],"override":[{"instance_requirements":[{"accelerator_count":[],"accelerator_total_memory_mib":[],"baseline_ebs_bandwidth_mbps":[],"memory_gib_per_vcpu":[],"memory_mib":[{}],"network_bandwidth_gbps":[],"network_interface_count":[],"total_local_storage_gb":[],"vcpu_count":[{}]}],"launch_template_specification":[]}]}]}],"tag":[],"target_group_arns":[],"traffic_source":[],"vpc_zone_identifier":[],"warm_pool":[]}}},{"address":"module.worker_nodes.aws_launch_template.worker_lt","module_address":"module.worker_nodes","mode":"managed","type":"aws_launch_template","name":"worker_lt","provider_name":"registry.terraform.io/hashicorp/aws","change":{"actions":["create"],"before":null,"after":{"block_device_mappings":[{"device_name":"/dev/xvda","ebs":[{"delete_on_termination":"true","encrypted":null,"kms_key_id":null,"snapshot_id":null,"volume_size":20,"volume_type":"gp2"}],"no_device":null,"virtual_name":null}],"capacity_reservation_specification":[],"cpu_options":[],"credit_specification":[],"description":null,"disable_api_stop":null,"disable_api_termination":null,"ebs_optimized":null,"elastic_gpu_specifications":[],"elastic_inference_accelerator":[],"enclave_options":[],"hibernation_options":[],"iam_instance_profile":[{"arn":null,"name":"my-k8s-cluster-Instance-Profile"}],"image_id":"ami-064673ca419016c37","instance_initiated_shutdown_behavior":null,"instance_market_options":[],"instance_requirements":[],"instance_type":"t3.medium","kernel_id":null,"key_name":"my-k8s-cluster-ssh-key","license_specification":[],"maintenance_options":[],"metadata_options":[{"http_endpoint":"enabled","http_put_response_hop_limit":2,"http_tokens":"optional","instance_metadata_tags":"enabled"}],"monitoring":[],"name_prefix":"my-k8s-cluster-worker-lt-","network_interfaces":[],"placement":[],"private_dns_name_options":[],"ram_disk_id":null,"security_group_names":null,"tag_specifications":[{"resource_type":"instance","tags":{"Name":"my-k8s-cluster-worker-node"}}],"tags":{"environment":"kubernetes","type_node":"worker"},"tags_all":{"environment":"kubernetes","type_node":"worker"},"update_default_version":null},"after_unknown":{"arn":true,"block_device_mappings":[{"ebs":[{"iops":true,"throughput":true,"volume_initialization_rate":true}]}],"capacity_reservation_specification":[],"cpu_options":[],"credit_specification":[],"default_version":true,"elastic_gpu_specifications":[],"elastic_inference_accelerator":[],"enclave_options":[],"hibernation_options":[],"iam_instance_profile":[{}],"id":true,"instance_market_options":[],"instance_requirements":[],"latest_version":true,"license_specification":[],"maintenance_options":[],"metadata_options":[{"http_protocol_ipv6":true}],"monitoring":[],"name":true,"network_interfaces":[],"placement":[],"private_dns_name_options":[],"tag_specifications":[{"tags":{}}],"tags":{},"tags_all":{},"user_data":true,"vpc_security_group_ids":true},"before_sensitive":false,"after_sensitive":{"block_device_mappings":[{"ebs":[{}]}],"capacity_reservation_specification":[],"cpu_options":[],"credit_specification":[],"elastic_gpu_specifications":[],"elastic_inference_accelerator":[],"enclave_options":[],"hibernation_options":[],"iam_instance_profile":[{}],"instance_market_options":[],"instance_requirements":[],"license_specification":[],"maintenance_options":[],"metadata_options":[{}],"monitoring":[],"network_interfaces":[],"placement":[],"private_dns_name_options":[],"tag_specifications":[{"tags":{}}],"tags":{},"tags_all":{},"user_data":true,"vpc_security_group_ids":[]}}}],"output_changes":{"backend_repo_url":{"actions":["create"],"before":null,"after_unknown":true,"before_sensitive":false,"after_sensitive":false},"database_repo_url":{"actions":["create"],"before":null,"after_unknown":true,"before_sensitive":false,"after_sensitive":false},"kubeconfig_file":{"actions":["create"],"before":null,"after":"./kubeconfig-master.conf","after_unknown":false,"before_sensitive":false,"after_sensitive":false},"kubeconfig_instructions":{"actions":["create"],"before":null,"after":"To connect to your cluster, run: export KUBECONFIG=../kubeconfig-master.conf","after_unknown":false,"before_sensitive":false,"after_sensitive":false},"master_public_ip":{"actions":["create"],"before":null,"after_unknown":true,"before_sensitive":false,"after_sensitive":false},"nfs_namespace":{"actions":["create"],"before":null,"after":"/srv/nfs/shared","after_unknown":false,"before_sensitive":false,"after_sensitive":false},"nfs_private_ip":{"actions":["create"],"before":null,"after_unknown":true,"before_sensitive":false,"after_sensitive":false},"nfs_public_ip":{"actions":["create"],"before":null,"after_unknown":true,"before_sensitive":false,"after_sensitive":false},"nginx_repo_url":{"actions":["create"],"before":null,"after_unknown":true,"before_sensitive":false,"after_sensitive":false},"private_key_path":{"actions":["create"],"before":null,"after":"././my-k8s-cluster-ssh-key.pem","after_unknown":false,"before_sensitive":false,"after_sensitive":false},"region":{"actions":["create"],"before":null,"after":"eu-west-1","after_unknown":false,"before_sensitive":false,"after_sensitive":false},"ssh_user":{"actions":["create"],"before":null,"after":"ubuntu","after_unknown":false,"before_sensitive":false,"after_sensitive":false}},"prior_state":{"format_version":"1.0","terraform_version":"1.12.2","values":{"outputs":{"kubeconfig_file":{"sensitive":false,"value":"./kubeconfig-master.conf","type":"string"},"kubeconfig_instructions":{"sensitive":false,"value":"To connect to your cluster, run: export KUBECONFIG=../kubeconfig-master.conf","type":"string"},"nfs_namespace":{"sensitive":false,"value":"/srv/nfs/shared","type":"string"},"private_key_path":{"sensitive":false,"value":"././my-k8s-cluster-ssh-key.pem","type":"string"},"region":{"sensitive":false,"value":"eu-west-1","type":"string"},"ssh_user":{"sensitive":false,"value":"ubuntu","type":"string"}},"root_module":{"resources":[{"address":"data.aws_ami.ubuntu","mode":"data","type":"aws_ami","name":"ubuntu","provider_name":"registry.terraform.io/hashicorp/aws","schema_version":0,"values":{"architecture":"x86_64","arn":"arn:aws:ec2:eu-west-1::image/ami-064673ca419016c37","block_device_mappings":[{"device_name":"/dev/sda1","ebs":{"delete_on_termination":"true","encrypted":"false","iops":"0","snapshot_id":"snap-04834d18927d8b235","throughput":"0","volume_initialization_rate":"0","volume_size":"8","volume_type":"gp2"},"no_device":"","virtual_name":""},{"device_name":"/dev/sdb","ebs":{},"no_device":"","virtual_name":"ephemeral0"},{"device_name":"/dev/sdc","ebs":{},"no_device":"","virtual_name":"ephemeral1"}],"boot_mode":"uefi-preferred","creation_date":"2025-07-12T06:57:02.000Z","deprecation_time":"2027-07-12T06:57:02.000Z","description":"Canonical, Ubuntu, 22.04, amd64 jammy image","ena_support":true,"executable_users":null,"filter":[{"name":"name","values":["ubuntu/images/hvm-ssd/ubuntu-jammy-22.04-amd64-server-*"]},{"name":"virtualization-type","values":["hvm"]}],"hypervisor":"xen","id":"ami-064673ca419016c37","image_id":"ami-064673ca419016c37","image_location":"amazon/ubuntu/images/hvm-ssd/ubuntu-jammy-22.04-amd64-server-20250712","image_owner_alias":"amazon","image_type":"machine","imds_support":"","include_deprecated":false,"kernel_id":"","last_launched_time":"","most_recent":true,"name":"ubuntu/images/hvm-ssd/ubuntu-jammy-22.04-amd64-server-20250712","name_regex":null,"owner_id":"099720109477","owners":["099720109477"],"platform":"","platform_details":"Linux/UNIX","product_codes":[],"public":true,"ramdisk_id":"","root_device_name":"/dev/sda1","root_device_type":"ebs","root_snapshot_id":"snap-04834d18927d8b235","sriov_net_support":"simple","state":"available","state_reason":{"code":"UNSET","message":"UNSET"},"tags":{},"timeouts":null,"tpm_support":"","uefi_data":null,"usage_operation":"RunInstances","virtualization_type":"hvm"},"sensitive_values":{"block_device_mappings":[{"ebs":{}},{"ebs":{}},{"ebs":{}}],"filter":[{"values":[false]},{"values":[false]}],"owners":[false],"product_codes":[],"state_reason":{},"tags":{}}}],"child_modules":[{"resources":[{"address":"module.vpc.data.aws_availability_zones.available","mode":"data","type":"aws_availability_zones","name":"available","provider_name":"registry.terraform.io/hashicorp/aws","schema_version":0,"values":{"all_availability_zones":null,"exclude_names":null,"exclude_zone_ids":null,"filter":null,"group_names":["eu-west-1-zg-1"],"id":"eu-west-1","names":["eu-west-1a","eu-west-1b","eu-west-1c"],"state":"available","timeouts":null,"zone_ids":["euw1-az3","euw1-az1","euw1-az2"]},"sensitive_values":{"group_names":[false],"names":[false,false,false],"zone_ids":[false,false,false]}}],"address":"module.vpc"}]}}},"configuration":{"provider_config":{"aws":{"name":"aws","full_name":"registry.terraform.io/hashicorp/aws","version_constraint":"~\u003e 5.0","expressions":{"region":{"references":["var.aws_region"]}}},"local":{"name":"local","full_name":"registry.terraform.io/hashicorp/local","version_constraint":"~\u003e 2.0"},"null":{"name":"null","full_name":"registry.terraform.io/hashicorp/null"},"tls":{"name":"tls","full_name":"registry.terraform.io/hashicorp/tls","version_constraint":"~\u003e 4.0"}},"root_module":{"outputs":{"backend_repo_url":{"expression":{"references":["module.ecr.backend_repo_url","module.ecr"]}},"database_repo_url":{"expression":{"references":["module.ecr.database_repo_url","module.ecr"]}},"kubeconfig_file":{"expression":{"references":["data.local_file.kubeconfig_master_file.filename","data.local_file.kubeconfig_master_file"]}},"kubeconfig_instructions":{"expression":{"constant_value":"To connect to your cluster, run: export KUBECONFIG=../kubeconfig-master.conf"},"description":"Instructions to configure kubectl on your local machine."},"master_public_ip":{"expression":{"references":["module.master_node.master_public_ip","module.master_node"]},"description":"Public IP of the Kubernetes Master node."},"nfs_namespace":{"expression":{"references":["module.server_nfs.nfs_export_path","module.server_nfs"]},"description":"The exported NFS path"},"nfs_private_ip":{"expression":{"references":["module.server_nfs.nfs_private_ip","module.server_nfs"]},"description":"The private IP address of the NFS server"},"nfs_public_ip":{"expression":{"references":["module.server_nfs.nfs_public_ip","module.server_nfs"]},"description":"The public IP address of the NFS server"},"nginx_repo_url":{"expression":{"references":["module.ecr.nginx_repo_url","module.ecr"]}},"private_key_path":{"expression":{"references":["path.root","local_file.k8s_private_key_file.filename","local_file.k8s_private_key_file"]}},"region":{"expression":{"references":["var.aws_region"]}},"ssh_user":{"expression":{"references":["var.ssh_user"]}}},"resources":[{"address":"aws_iam_instance_profile.k8s_instance_profile","mode":"managed","type":"aws_iam_instance_profile","name":"k8s_instance_profile","provider_config_key":"aws","expressions":{"name":{"references":["var.cluster_name"]},"role":{"references":["aws_iam_role.ec2_k8s_role.name","aws_iam_role.ec2_k8s_role"]}},"schema_version":0},{"address":"aws_iam_policy.ecr_access_policy","mode":"managed","type":"aws_iam_policy","name":"ecr_access_policy","provider_config_key":"aws","expressions":{"description":{"constant_value":"Combined policy for ECR, VPC CNI, and AWS Load Balancer Controller"},"name":{"references":["var.cluster_name"]},"policy":{}},"schema_version":0},{"address":"aws_iam_role.ec2_k8s_role","mode":"managed","type":"aws_iam_role","name":"ec2_k8s_role","provider_config_key":"aws","expressions":{"assume_role_policy":{},"name":{"references":["var.cluster_name"]}},"schema_version":0},{"address":"aws_iam_role_policy_attachment.ecr_policy_attachment","mode":"managed","type":"aws_iam_role_policy_attachment","name":"ecr_policy_attachment","provider_config_key":"aws","expressions":{"policy_arn":{"references":["aws_iam_policy.ecr_access_policy.arn","aws_iam_policy.ecr_access_policy"]},"role":{"references":["aws_iam_role.ec2_k8s_role.name","aws_iam_role.ec2_k8s_role"]}},"schema_version":0},{"address":"aws_key_pair.generated_key","mode":"managed","type":"aws_key_pair","name":"generated_key","provider_config_key":"aws","expressions":{"key_name":{"references":["var.cluster_name"]},"public_key":{"references":["tls_private_key.k8s_key.public_key_openssh","tls_private_key.k8s_key"]}},"schema_version":1},{"address":"local_file.controlplane_group_vars","mode":"managed","type":"local_file","name":"controlplane_group_vars","provider_config_key":"local","expressions":{"content":{"references":["path.module","module.ecr.nginx_repo_url","module.ecr","module.ecr.backend_repo_url","module.ecr","module.ecr.database_repo_url","module.ecr"]},"filename":{"references":["path.root"]}},"schema_version":0,"depends_on":["module.master_node"]},{"address":"local_file.k8s_private_key_file","mode":"managed","type":"local_file","name":"k8s_private_key_file","provider_config_key":"local","expressions":{"content":{"references":["tls_private_key.k8s_key.private_key_pem","tls_private_key.k8s_key"]},"filename":{"references":["path.module","var.cluster_name"]}},"schema_version":0},{"address":"null_resource.set_private_key_permissions","mode":"managed","type":"null_resource","name":"set_private_key_permissions","provider_config_key":"null","provisioners":[{"type":"local-exec","expressions":{"command":{"references":["local_file.k8s_private_key_file.filename","local_file.k8s_private_key_file"]},"working_dir":{"references":["path.module"]}}}],"schema_version":0,"depends_on":["local_file.k8s_private_key_file"]},{"address":"tls_private_key.k8s_key","mode":"managed","type":"tls_private_key","name":"k8s_key","provider_config_key":"tls","expressions":{"algorithm":{"constant_value":"RSA"},"rsa_bits":{"constant_value":4096}},"schema_version":1},{"address":"data.aws_ami.ubuntu","mode":"data","type":"aws_ami","name":"ubuntu","provider_config_key":"aws","expressions":{"filter":[{"name":{"constant_value":"name"},"values":{"constant_value":["ubuntu/images/hvm-ssd/ubuntu-jammy-22.04-amd64-server-*"]}},{"name":{"constant_value":"virtualization-type"},"values":{"constant_value":["hvm"]}}],"most_recent":{"constant_value":true},"owners":{"constant_value":["099720109477"]}},"schema_version":0},{"address":"data.local_file.kubeadm_join_command_file","mode":"data","type":"local_file","name":"kubeadm_join_command_file","provider_config_key":"local","expressions":{"filename":{"references":["path.module"]}},"schema_version":0,"depends_on":["module.master_node.master_setup"]},{"address":"data.local_file.kubeconfig_master_file","mode":"data","type":"local_file","name":"kubeconfig_master_file","provider_config_key":"local","expressions":{"filename":{"references":["path.module"]}},"schema_version":0,"depends_on":["module.master_node.master_setup"]}],"module_calls":{"ecr":{"source":"./modules/ecr","expressions":{"cluster_name":{"references":["var.cluster_name"]}},"module":{"outputs":{"backend_repo_url":{"expression":{"references":["aws_ecr_repository.backend_repo.repository_url","aws_ecr_repository.backend_repo"]}},"database_repo_url":{"expression":{"references":["aws_ecr_repository.database_repo.repository_url","aws_ecr_repository.database_repo"]}},"nginx_repo_url":{"expression":{"references":["aws_ecr_repository.nginx_repo.repository_url","aws_ecr_repository.nginx_repo"]}}},"resources":[{"address":"aws_ecr_repository.backend_repo","mode":"managed","type":"aws_ecr_repository","name":"backend_repo","provider_config_key":"aws","expressions":{"force_delete":{"constant_value":true},"image_scanning_configuration":[{"scan_on_push":{"constant_value":true}}],"image_tag_mutability":{"constant_value":"MUTABLE"},"name":{"references":["var.cluster_name"]}},"schema_version":0},{"address":"aws_ecr_repository.database_repo","mode":"managed","type":"aws_ecr_repository","name":"database_repo","provider_config_key":"aws","expressions":{"force_delete":{"constant_value":true},"image_scanning_configuration":[{"scan_on_push":{"constant_value":true}}],"image_tag_mutability":{"constant_value":"MUTABLE"},"name":{"references":["var.cluster_name"]}},"schema_version":0},{"address":"aws_ecr_repository.nginx_repo","mode":"managed","type":"aws_ecr_repository","name":"nginx_repo","provider_config_key":"aws","expressions":{"force_delete":{"constant_value":true},"image_scanning_configuration":[{"scan_on_push":{"constant_value":true}}],"image_tag_mutability":{"constant_value":"MUTABLE"},"name":{"references":["var.cluster_name"]}},"schema_version":0}],"variables":{"cluster_name":{"description":"The name of the Kubernetes cluster."}}}},"master_node":{"source":"./modules/master-node","expressions":{"ami_id":{"references":["data.aws_ami.ubuntu.id","data.aws_ami.ubuntu"]},"ansible_user":{"references":["var.ssh_user"]},"cluster_name":{"references":["var.cluster_name"]},"ecr_repository_url":{"references":["module.ecr.nginx_repo_url","module.ecr"]},"instance_profile_name":{"references":["aws_iam_instance_profile.k8s_instance_profile.name","aws_iam_instance_profile.k8s_instance_profile"]},"instance_type":{"references":["var.master_instance_type"]},"key_name":{"references":["aws_key_pair.generated_key.key_name","aws_key_pair.generated_key"]},"nfs_export_path":{"references":["module.server_nfs.nfs_export_path","module.server_nfs"]},"nfs_server_dns":{"references":["module.server_nfs.static_dns_name","module.server_nfs"]},"private_key_path":{"references":["local_file.k8s_private_key_file.filename","local_file.k8s_private_key_file"]},"region":{"references":["var.aws_region"]},"security_group_id":{"references":["module.vpc.master_sg_id","module.vpc"]},"subnet_id":{"references":["module.vpc.public_subnet_ids[0]","module.vpc.public_subnet_ids","module.vpc"]}},"module":{"outputs":{"master_public_ip":{"expression":{"references":["aws_instance.master.public_ip","aws_instance.master"]},"description":"The public IP address of the Kubernetes master node."}},"resources":[{"address":"aws_instance.master","mode":"managed","type":"aws_instance","name":"master","provider_config_key":"aws","expressions":{"ami":{"references":["var.ami_id"]},"iam_instance_profile":{"references":["var.instance_profile_name"]},"instance_type":{"references":["var.instance_type"]},"key_name":{"references":["var.key_name"]},"root_block_device":[{"delete_on_termination":{"constant_value":true},"volume_size":{"constant_value":40},"volume_type":{"constant_value":"gp2"}}],"subnet_id":{"references":["var.subnet_id"]},"tags":{"references":["var.cluster_name"]},"user_data":{"references":["path.module","path.root","path.module","path.module","path.module","path.module","var.nfs_server_dns","var.nfs_export_path","path.module","var.ecr_repository_url","var.region","var.ansible_user","var.cluster_name"]},"user_data_replace_on_change":{"constant_value":true},"vpc_security_group_ids":{"references":["var.security_group_id"]}},"schema_version":1},{"address":"null_resource.master_setup","mode":"managed","type":"null_resource","name":"master_setup","provider_config_key":"null","provisioners":[{"type":"remote-exec","expressions":{"inline":{"constant_value":["timeout 800 bash -c 'while [ ! -f /etc/kubernetes/admin.conf ]; do sleep 10; done'","timeout 800 bash -c 'while ! sudo /usr/bin/kubectl --kubeconfig=/etc/kubernetes/admin.conf get nodes \u003e/dev/null 2\u003e\u00261; do sleep 10; done'","echo 'Kubernetes master is ready.'"]}}},{"type":"local-exec","expressions":{"command":{"references":["var.private_key_path","var.ansible_user","aws_instance.master.public_ip","aws_instance.master"]}}},{"type":"local-exec","expressions":{"command":{"references":["var.private_key_path","var.ansible_user","aws_instance.master.public_ip","aws_instance.master"]}}},{"type":"local-exec","expressions":{"command":{"references":["var.private_key_path","var.ansible_user","aws_instance.master.public_ip","aws_instance.master"]}}},{"type":"local-exec","expressions":{"command":{"references":["var.private_key_path","var.ansible_user","aws_instance.master.public_ip","aws_instance.master"]}}}],"schema_version":0,"depends_on":["aws_instance.master"]}],"variables":{"ami_id":{"description":"The AMI ID for the EC2 instances."},"ansible_user":{"default":"ubuntu","description":"The SSH user for the AMI (e.g., 'ubuntu' for Ubuntu AMIs)."},"cluster_name":{"description":"The name of the Kubernetes cluster."},"ecr_repository_url":{"description":"The URL of the ECR repository for the Docker images."},"instance_profile_name":{"description":"The name of the IAM instance profile to attach to the instance."},"instance_type":{"default":"t3.medium","description":"The instance type for the master node."},"key_name":{"description":"The name of the SSH key pair to use."},"nfs_export_path":{"description":"The exported NFS path."},"nfs_server_dns":{"description":"The DNS name of the NFS server."},"private_key_path":{"description":"Path to the private key file for SSH access."},"region":{"description":"The AWS region to deploy the resources in."},"security_group_id":{"description":"The ID of the security group for the master node."},"subnet_id":{"description":"The ID of the subnet to launch the master node in."}}},"depends_on":["module.ecr","module.server_nfs","aws_key_pair.generated_key"]},"server_nfs":{"source":"./modules/nfs","expressions":{"ami":{"references":["data.aws_ami.ubuntu.id","data.aws_ami.ubuntu"]},"aws_key_name":{"references":["aws_key_pair.generated_key.key_name","aws_key_pair.generated_key"]},"subnet_ids":{"references":["module.vpc.public_subnet_ids","module.vpc"]},"vpc_id":{"references":["module.vpc.vpc_id","module.vpc"]}},"module":{"outputs":{"nfs_dns_name":{"expression":{"references":["aws_spot_instance_request.cheap_worker.public_dns","aws_spot_instance_request.cheap_worker"]},"description":"Public DNS name of the NFS server"},"nfs_export_path":{"expression":{"constant_value":"/srv/nfs/shared"},"description":"The exported NFS path"},"nfs_private_ip":{"expression":{"references":["aws_spot_instance_request.cheap_worker.private_ip","aws_spot_instance_request.cheap_worker"]},"description":"Private IP of the NFS server (use this inside the same VPC)"},"nfs_public_ip":{"expression":{"references":["aws_spot_instance_request.cheap_worker.public_ip","aws_spot_instance_request.cheap_worker"]},"description":"Public IP of the NFS server (use with caution)"},"static_dns_name":{"expression":{"references":["aws_route53_record.nfs.name","aws_route53_record.nfs"]},"description":"The static DNS name for the NFS server"}},"resources":[{"address":"aws_route53_record.nfs","mode":"managed","type":"aws_route53_record","name":"nfs","provider_config_key":"aws","expressions":{"name":{"constant_value":"nfs.internal"},"records":{"references":["aws_spot_instance_request.cheap_worker.private_ip","aws_spot_instance_request.cheap_worker"]},"ttl":{"constant_value":300},"type":{"constant_value":"A"},"zone_id":{"references":["aws_route53_zone.internal.zone_id","aws_route53_zone.internal"]}},"schema_version":2},{"address":"aws_route53_zone.internal","mode":"managed","type":"aws_route53_zone","name":"internal","provider_config_key":"aws","expressions":{"name":{"constant_value":"internal"},"vpc":[{"vpc_id":{"references":["var.vpc_id"]}}]},"schema_version":0},{"address":"aws_security_group.nfs_sg","mode":"managed","type":"aws_security_group","name":"nfs_sg","provider_config_key":"aws","expressions":{"egress":{"constant_value":[{"cidr_blocks":["0.0.0.0/0"],"description":null,"from_port":0,"ipv6_cidr_blocks":null,"prefix_list_ids":null,"protocol":"-1","security_groups":null,"self":null,"to_port":0}]},"ingress":{"constant_value":[{"cidr_blocks":["10.0.0.0/16"],"description":null,"from_port":2049,"ipv6_cidr_blocks":null,"prefix_list_ids":null,"protocol":"tcp","security_groups":null,"self":null,"to_port":2049},{"cidr_blocks":["10.0.0.0/16"],"description":null,"from_port":111,"ipv6_cidr_blocks":null,"prefix_list_ids":null,"protocol":"tcp","security_groups":null,"self":null,"to_port":111},{"cidr_blocks":["10.0.0.0/16"],"description":null,"from_port":20048,"ipv6_cidr_blocks":null,"prefix_list_ids":null,"protocol":"tcp","security_groups":null,"self":null,"to_port":20048},{"cidr_blocks":["10.0.0.0/16"],"description":null,"from_port":32765,"ipv6_cidr_blocks":null,"prefix_list_ids":null,"protocol":"tcp","security_groups":null,"self":null,"to_port":32769},{"cidr_blocks":["0.0.0.0/0"],"description":null,"from_port":22,"ipv6_cidr_blocks":null,"prefix_list_ids":null,"protocol":"tcp","security_groups":null,"self":null,"to_port":22}]},"name":{"constant_value":"nfs-sg"},"vpc_id":{"references":["var.vpc_id"]}},"schema_version":1},{"address":"aws_spot_instance_request.cheap_worker","mode":"managed","type":"aws_spot_instance_request","name":"cheap_worker","provider_config_key":"aws","expressions":{"ami":{"references":["var.ami"]},"instance_interruption_behavior":{"constant_value":"stop"},"instance_type":{"references":["var.instance_type"]},"key_name":{"references":["var.aws_key_name"]},"root_block_device":[{"delete_on_termination":{"constant_value":true},"volume_size":{"constant_value":20},"volume_type":{"constant_value":"gp2"}}],"spot_type":{"constant_value":"persistent"},"subnet_id":{"references":["var.subnet_ids[0]","var.subnet_ids"]},"tags":{"constant_value":{"Name":"nfs-spot-instance"}},"user_data":{"references":["path.module"]},"vpc_security_group_ids":{"references":["aws_security_group.nfs_sg.id","aws_security_group.nfs_sg"]},"wait_for_fulfillment":{"constant_value":true}},"schema_version":0}],"variables":{"ami":{"description":"AMI ID for the NFS server"},"aws_key_name":{"description":"value of the AWS key pair to use for the NFS server"},"instance_type":{"default":"c4.xlarge","description":"Instance type for the NFS server"},"subnet_ids":{"description":"List of subnet IDs for the NFS server"},"vpc_id":{"description":"VPC ID where the NFS server will be deployed"}}}},"vpc":{"source":"./modules/vpc","expressions":{"cluster_name":{"references":["var.cluster_name"]}},"module":{"outputs":{"master_sg_id":{"expression":{"references":["aws_security_group.kubernetes_master_sg.id","aws_security_group.kubernetes_master_sg"]},"description":"The ID of the security group for master nodes."},"public_subnet_ids":{"expression":{"references":["aws_subnet.public"]},"description":"A list of public subnet IDs."},"vpc_id":{"expression":{"references":["aws_vpc.kubernetes_vpc.id","aws_vpc.kubernetes_vpc"]},"description":"The ID of the created VPC."},"worker_sg_id":{"expression":{"references":["aws_security_group.kubernetes_worker_sg.id","aws_security_group.kubernetes_worker_sg"]},"description":"The ID of the security group for worker nodes."}},"resources":[{"address":"aws_internet_gateway.gw","mode":"managed","type":"aws_internet_gateway","name":"gw","provider_config_key":"aws","expressions":{"tags":{"references":["var.cluster_name"]},"vpc_id":{"references":["aws_vpc.kubernetes_vpc.id","aws_vpc.kubernetes_vpc"]}},"schema_version":0},{"address":"aws_route_table.public","mode":"managed","type":"aws_route_table","name":"public","provider_config_key":"aws","expressions":{"route":{"references":["aws_internet_gateway.gw.id","aws_internet_gateway.gw"]},"tags":{"references":["var.cluster_name"]},"vpc_id":{"references":["aws_vpc.kubernetes_vpc.id","aws_vpc.kubernetes_vpc"]}},"schema_version":0},{"address":"aws_route_table_association.public","mode":"managed","type":"aws_route_table_association","name":"public","provider_config_key":"aws","expressions":{"route_table_id":{"references":["aws_route_table.public.id","aws_route_table.public"]},"subnet_id":{"references":["aws_subnet.public","count.index"]}},"schema_version":0,"count_expression":{"references":["aws_subnet.public"]}},{"address":"aws_security_group.kubernetes_master_sg","mode":"managed","type":"aws_security_group","name":"kubernetes_master_sg","provider_config_key":"aws","expressions":{"description":{"constant_value":"Security group for Kubernetes Master nodes"},"egress":{"constant_value":[{"cidr_blocks":["0.0.0.0/0"],"description":null,"from_port":0,"ipv6_cidr_blocks":null,"prefix_list_ids":null,"protocol":"-1","security_groups":null,"self":null,"to_port":0}]},"ingress":{"references":["aws_vpc.kubernetes_vpc.cidr_block","aws_vpc.kubernetes_vpc","aws_vpc.kubernetes_vpc.cidr_block","aws_vpc.kubernetes_vpc","aws_vpc.kubernetes_vpc.cidr_block","aws_vpc.kubernetes_vpc","aws_vpc.kubernetes_vpc.cidr_block","aws_vpc.kubernetes_vpc"]},"name":{"references":["var.cluster_name"]},"tags":{"references":["var.cluster_name"]},"vpc_id":{"references":["aws_vpc.kubernetes_vpc.id","aws_vpc.kubernetes_vpc"]}},"schema_version":1},{"address":"aws_security_group.kubernetes_worker_sg","mode":"managed","type":"aws_security_group","name":"kubernetes_worker_sg","provider_config_key":"aws","expressions":{"description":{"constant_value":"Security group for Kubernetes Worker nodes"},"egress":{"constant_value":[{"cidr_blocks":["0.0.0.0/0"],"description":null,"from_port":0,"ipv6_cidr_blocks":null,"prefix_list_ids":null,"protocol":"-1","security_groups":null,"self":null,"to_port":0}]},"ingress":{"references":["aws_vpc.kubernetes_vpc.cidr_block","aws_vpc.kubernetes_vpc","aws_vpc.kubernetes_vpc.cidr_block","aws_vpc.kubernetes_vpc","aws_vpc.kubernetes_vpc.cidr_block","aws_vpc.kubernetes_vpc","aws_security_group.kubernetes_master_sg.id","aws_security_group.kubernetes_master_sg"]},"name":{"references":["var.cluster_name"]},"tags":{"references":["var.cluster_name"]},"vpc_id":{"references":["aws_vpc.kubernetes_vpc.id","aws_vpc.kubernetes_vpc"]}},"schema_version":1},{"address":"aws_subnet.public","mode":"managed","type":"aws_subnet","name":"public","provider_config_key":"aws","expressions":{"availability_zone":{"references":["data.aws_availability_zones.available.names","data.aws_availability_zones.available","count.index"]},"cidr_block":{"references":["var.public_subnet_cidrs","count.index"]},"map_public_ip_on_launch":{"constant_value":true},"tags":{"references":["var.cluster_name","count.index","var.cluster_name"]},"vpc_id":{"references":["aws_vpc.kubernetes_vpc.id","aws_vpc.kubernetes_vpc"]}},"schema_version":1,"count_expression":{"references":["var.public_subnet_cidrs"]}},{"address":"aws_vpc.kubernetes_vpc","mode":"managed","type":"aws_vpc","name":"kubernetes_vpc","provider_config_key":"aws","expressions":{"cidr_block":{"references":["var.vpc_cidr_block"]},"enable_dns_hostnames":{"constant_value":true},"enable_dns_support":{"constant_value":true},"tags":{"references":["var.cluster_name"]}},"schema_version":1},{"address":"data.aws_availability_zones.available","mode":"data","type":"aws_availability_zones","name":"available","provider_config_key":"aws","expressions":{"state":{"constant_value":"available"}},"schema_version":0}],"variables":{"cluster_name":{"default":"kube-cluster","description":"The name of the Kubernetes cluster."},"public_subnet_cidrs":{"default":["10.0.1.0/24","10.0.2.0/24"],"description":"A list of CIDR blocks for public subnets."},"vpc_cidr_block":{"default":"10.0.0.0/16","description":"The CIDR block for the VPC."}}}},"worker_nodes":{"source":"./modules/worker-node","expressions":{"ami_id":{"references":["data.aws_ami.ubuntu.id","data.aws_ami.ubuntu"]},"ansible_user":{"references":["var.ssh_user"]},"cluster_name":{"references":["var.cluster_name"]},"desired_worker_count":{"references":["var.desired_capacity"]},"instance_profile_name":{"references":["aws_iam_instance_profile.k8s_instance_profile.name","aws_iam_instance_profile.k8s_instance_profile"]},"instance_type":{"references":["var.worker_instance_type"]},"key_name":{"references":["aws_key_pair.generated_key.key_name","aws_key_pair.generated_key"]},"kubeadm_join_command":{"references":["data.local_file.kubeadm_join_command_file.content","data.local_file.kubeadm_join_command_file"]},"kubeconfig_content":{"references":["data.local_file.kubeconfig_master_file.content","data.local_file.kubeconfig_master_file"]},"max_worker_cpu_count":{"references":["var.max_worker_cpu_count"]},"min_worker_cpu_count":{"references":["var.min_worker_cpu_count"]},"security_group_id":{"references":["module.vpc.worker_sg_id","module.vpc"]},"subnet_ids":{"references":["module.vpc.public_subnet_ids","module.vpc"]}},"module":{"outputs":{"worker_public_ips":{"expression":{"references":["data.aws_instances.workers.public_ips","data.aws_instances.workers"]},"description":"The public IP addresses of the Kubernetes worker nodes. This is dynamic."}},"resources":[{"address":"aws_autoscaling_group.worker_asg","mode":"managed","type":"aws_autoscaling_group","name":"worker_asg","provider_config_key":"aws","expressions":{"desired_capacity":{"references":["var.desired_worker_count"]},"desired_capacity_type":{"constant_value":"vcpu"},"instance_refresh":[{"preferences":[{"instance_warmup":{"constant_value":60},"min_healthy_percentage":{"constant_value":90}}],"strategy":{"constant_value":"Rolling"},"triggers":{"constant_value":["launch_template"]}}],"max_size":{"references":["var.max_worker_cpu_count"]},"min_size":{"references":["var.min_worker_cpu_count"]},"mixed_instances_policy":[{"instances_distribution":[{"on_demand_base_capacity":{"constant_value":0},"on_demand_percentage_above_base_capacity":{"constant_value":0},"spot_allocation_strategy":{"constant_value":"capacity-optimized"}}],"launch_template":[{"launch_template_specification":[{"launch_template_id":{"references":["aws_launch_template.worker_lt.id","aws_launch_template.worker_lt"]},"version":{"references":["aws_launch_template.worker_lt.latest_version","aws_launch_template.worker_lt"]}}],"override":[{"instance_requirements":[{"memory_mib":[{"max":{"references":["local.worker.autoscale.max_memory_mib","local.worker.autoscale","local.worker"]},"min":{"references":["local.worker.autoscale.min_memory_mib","local.worker.autoscale","local.worker"]}}],"vcpu_count":[{"max":{"references":["local.worker.autoscale.max_vcpu_count","local.worker.autoscale","local.worker"]},"min":{"references":["local.worker.autoscale.min_vcpu_count","local.worker.autoscale","local.worker"]}}]}]}]}]}],"name":{"references":["var.cluster_name"]},"vpc_zone_identifier":{"references":["var.subnet_ids"]}},"schema_version":1},{"address":"aws_launch_template.worker_lt","mode":"managed","type":"aws_launch_template","name":"worker_lt","provider_config_key":"aws","expressions":{"block_device_mappings":[{"device_name":{"constant_value":"/dev/xvda"},"ebs":[{"delete_on_termination":{"constant_value":true},"volume_size":{"constant_value":20},"volume_type":{"constant_value":"gp2"}}]}],"iam_instance_profile":[{"name":{"references":["var.instance_profile_name"]}}],"image_id":{"references":["var.ami_id"]},"instance_type":{"references":["var.instance_type"]},"key_name":{"references":["var.key_name"]},"metadata_options":[{"http_endpoint":{"constant_value":"enabled"},"http_put_response_hop_limit":{"constant_value":2},"http_tokens":{"constant_value":"optional"},"instance_metadata_tags":{"constant_value":"enabled"}}],"name_prefix":{"references":["var.cluster_name"]},"tag_specifications":[{"resource_type":{"constant_value":"instance"},"tags":{"constant_value":{"Name":"my-k8s-cluster-worker-node"}}}],"tags":{"constant_value":{"environment":"kubernetes","type_node":"worker"}},"user_data":{"references":["path.module","path.root","var.kubeadm_join_command","var.kubeconfig_content","var.ansible_user"]},"vpc_security_group_ids":{"references":["var.security_group_id"]}},"schema_version":0},{"address":"data.aws_instances.workers","mode":"data","type":"aws_instances","name":"workers","provider_config_key":"aws","expressions":{"instance_state_names":{"constant_value":["running"]},"instance_tags":{"references":["var.cluster_name"]}},"schema_version":0,"depends_on":["aws_autoscaling_group.worker_asg"]}],"variables":{"ami_id":{},"ansible_user":{"default":"ubuntu"},"cluster_name":{},"desired_worker_count":{},"instance_profile_name":{},"instance_type":{},"key_name":{},"kubeadm_join_command":{"sensitive":true},"kubeconfig_content":{"sensitive":true},"max_worker_cpu_count":{},"min_worker_cpu_count":{},"security_group_id":{},"subnet_ids":{}}},"depends_on":["module.master_node.master_setup"]}},"variables":{"aws_region":{"default":"eu-west-1","description":"The AWS region to deploy resources in."},"cluster_name":{"default":"my-k8s-cluster","description":"The name of the Kubernetes Cluster."},"desired_capacity":{"default":7,"description":"The desired number of worker CPUs in the Kubernetes cluster."},"k8s_namespace":{"default":"default","description":"The Kubernetes namespace where resources will be created."},"master_instance_type":{"default":"t3.medium","description":"The EC2 instance type for the Kubernetes master node."},"max_worker_cpu_count":{"default":14,"description":"The maximum number of worker CPUs in the Kubernetes cluster."},"min_worker_cpu_count":{"default":7,"description":"The minimum number of worker CPUs in the Kubernetes cluster."},"ssh_user":{"default":"ubuntu","description":"The SSH user for the chosen AMI (e.g., 'ubuntu' for Ubuntu, 'ec2-user' for Amazon Linux)."},"worker_instance_type":{"default":"t3.medium","description":"The EC2 instance type for the Kubernetes worker nodes."}}}},"relevant_attributes":[{"resource":"module.ecr.aws_ecr_repository.backend_repo","attribute":["repository_url"]},{"resource":"module.ecr.aws_ecr_repository.nginx_repo","attribute":["repository_url"]},{"resource":"aws_iam_policy.ecr_access_policy","attribute":["arn"]},{"resource":"aws_iam_role.ec2_k8s_role","attribute":["name"]},{"resource":"module.ecr.aws_ecr_repository.database_repo","attribute":["repository_url"]},{"resource":"module.server_nfs.aws_route53_record.nfs","attribute":["name"]},{"resource":"module.server_nfs.aws_security_group.nfs_sg","attribute":["id"]},{"resource":"module.server_nfs.aws_spot_instance_request.cheap_worker","attribute":["private_ip"]},{"resource":"module.worker_nodes.aws_launch_template.worker_lt","attribute":["latest_version"]},{"resource":"aws_iam_instance_profile.k8s_instance_profile","attribute":["name"]},{"resource":"module.master_node.aws_instance.master","attribute":["public_ip"]},{"resource":"module.vpc.aws_security_group.kubernetes_worker_sg","attribute":["id"]},{"resource":"module.vpc.aws_subnet.public","attribute":[]},{"resource":"data.aws_ami.ubuntu","attribute":["id"]},{"resource":"module.worker_nodes.aws_launch_template.worker_lt","attribute":["id"]},{"resource":"module.vpc.data.aws_availability_zones.available","attribute":["names"]},{"resource":"data.local_file.kubeadm_join_command_file","attribute":["content"]},{"resource":"module.vpc.aws_security_group.kubernetes_master_sg","attribute":["id"]},{"resource":"module.vpc.aws_vpc.kubernetes_vpc","attribute":["id"]},{"resource":"module.server_nfs.aws_route53_zone.internal","attribute":["zone_id"]},{"resource":"data.local_file.kubeconfig_master_file","attribute":["filename"]},{"resource":"module.server_nfs.aws_spot_instance_request.cheap_worker","attribute":["public_dns"]},{"resource":"aws_key_pair.generated_key","attribute":["key_name"]},{"resource":"tls_private_key.k8s_key","attribute":["private_key_pem"]},{"resource":"tls_private_key.k8s_key","attribute":["public_key_openssh"]},{"resource":"module.server_nfs.aws_spot_instance_request.cheap_worker","attribute":["public_ip"]},{"resource":"module.vpc.aws_internet_gateway.gw","attribute":["id"]},{"resource":"local_file.k8s_private_key_file","attribute":["filename"]},{"resource":"module.vpc.aws_route_table.public","attribute":["id"]},{"resource":"module.vpc.aws_vpc.kubernetes_vpc","attribute":["cidr_block"]},{"resource":"data.local_file.kubeconfig_master_file","attribute":["content"]},{"resource":"module.worker_nodes.data.aws_instances.workers","attribute":["public_ips"]}],"timestamp":"2025-07-22T23:42:46Z","applyable":true,"complete":true,"errored":false}
